// !$*UTF8*$!
{
	archiveVersion = 1;
	classes = {
	};
	objectVersion = 46;
	objects = {

/* Begin PBXAggregateTarget section */
		3259C67FCA444BF79FE1D983 /* ALL_BUILD */ = {
			isa = PBXAggregateTarget;
			buildConfigurationList = F6AF9528639743F196708C44 /* Build configuration list for PBXAggregateTarget "ALL_BUILD" */;
			buildPhases = (
				EB929B588EA241B38E258765 /* CMake Rules */,
			);
			dependencies = (
				2D11C0236305438AA804E0E7 /* PBXTargetDependency */,
				E427BA2E16694F1AA32CAB1D /* PBXTargetDependency */,
			);
			name = ALL_BUILD;
			productName = ALL_BUILD;
		};
		776B8EB7A1C84AA49F70C447 /* ZERO_CHECK */ = {
			isa = PBXAggregateTarget;
			buildConfigurationList = 2E2F7E61D78445F685AE86FB /* Build configuration list for PBXAggregateTarget "ZERO_CHECK" */;
			buildPhases = (
				FA8B6DD70DF84FE5B3621C7B /* CMake Rules */,
			);
			dependencies = (
			);
			name = ZERO_CHECK;
			productName = ZERO_CHECK;
		};
		CF698B131E4DD8C500827520 /* GuidoAR-Universal */ = {
			isa = PBXAggregateTarget;
			buildConfigurationList = CF698B141E4DD8C500827520 /* Build configuration list for PBXAggregateTarget "GuidoAR-Universal" */;
			buildPhases = (
				CF698B171E4DD8DA00827520 /* ShellScript */,
			);
			dependencies = (
			);
			name = "GuidoAR-Universal";
			productName = "GuidoAR-Universal";
		};
/* End PBXAggregateTarget section */

/* Begin PBXBuildFile section */
		0CAA8D07472142C4B6FF2894 /* normalizeOperation.cpp in Sources */ = {isa = PBXBuildFile; fileRef = 021DD8655CC947A68CEB1388 /* normalizeOperation.cpp */; settings = {COMPILER_FLAGS = ""; }; };
		17FAAA1EB054484A99B00BF5 /* clonevisitor.cpp in Sources */ = {isa = PBXBuildFile; fileRef = 1DB04CBE270945E1985743BE /* clonevisitor.cpp */; settings = {COMPILER_FLAGS = ""; }; };
		1B1D19322A584E71A1EB244F /* rythmApplyOperation.cpp in Sources */ = {isa = PBXBuildFile; fileRef = 54AEB61B1D994833AAC82C1B /* rythmApplyOperation.cpp */; settings = {COMPILER_FLAGS = ""; }; };
		1F0416BCC2C44BC0B03E5E00 /* ARNote.cpp in Sources */ = {isa = PBXBuildFile; fileRef = FE926FAD2DAF4B4FA6DD44BE /* ARNote.cpp */; settings = {COMPILER_FLAGS = ""; }; };
		24F4BAFC530245EF8B22E69F /* rythmvisitor.cpp in Sources */ = {isa = PBXBuildFile; fileRef = D980F757BC77413596122A99 /* rythmvisitor.cpp */; settings = {COMPILER_FLAGS = ""; }; };
		24F9C0D1333F424AA126E82D /* ARTag.cpp in Sources */ = {isa = PBXBuildFile; fileRef = EB670E8929DB4F9AA7664F2C /* ARTag.cpp */; settings = {COMPILER_FLAGS = ""; }; };
		3D1A48D7394444A89EF1B98A /* durationvisitor.cpp in Sources */ = {isa = PBXBuildFile; fileRef = 0A09736297804CD59A3F168A /* durationvisitor.cpp */; settings = {COMPILER_FLAGS = ""; }; };
		3E854F9D01BF4210B6F66471 /* AROthers.cpp in Sources */ = {isa = PBXBuildFile; fileRef = 50D22005936E46BE94390039 /* AROthers.cpp */; settings = {COMPILER_FLAGS = ""; }; };
		49E525A21EFA4177A5C2AB98 /* ARFactory.cpp in Sources */ = {isa = PBXBuildFile; fileRef = 93E7F0C2684E420B9A401ADA /* ARFactory.cpp */; settings = {COMPILER_FLAGS = ""; }; };
		511EF25A759D4785BFD2C8B3 /* pitchApplyOperation.cpp in Sources */ = {isa = PBXBuildFile; fileRef = 2C7C8A3C88EF4290AE4E2146 /* pitchApplyOperation.cpp */; settings = {COMPILER_FLAGS = ""; }; };
		5130FF6C8E6D4A6AA271DD26 /* ARChord.cpp in Sources */ = {isa = PBXBuildFile; fileRef = B8D195D68E834E6296B297E8 /* ARChord.cpp */; settings = {COMPILER_FLAGS = ""; }; };
		55AA128B997349D99133C7CB /* guidoparser.cpp in Sources */ = {isa = PBXBuildFile; fileRef = 1F3B506B9252404BBA2AE692 /* guidoparser.cpp */; settings = {COMPILER_FLAGS = ""; }; };
		5DD782AEF6794424A17EE352 /* clefchangeOperation.cpp in Sources */ = {isa = PBXBuildFile; fileRef = DF3CE803C1DD467198371B17 /* clefchangeOperation.cpp */; settings = {COMPILER_FLAGS = ""; }; };
		614B02E4440B45DA828B6577 /* mirrorOperation.cpp in Sources */ = {isa = PBXBuildFile; fileRef = C437620C8FF84679AC4EC08B /* mirrorOperation.cpp */; settings = {COMPILER_FLAGS = ""; }; };
		67D3B79E8587464F8EF34779 /* streambeautifuller.cpp in Sources */ = {isa = PBXBuildFile; fileRef = 83C417E0973D4D6EA7E063D2 /* streambeautifuller.cpp */; settings = {COMPILER_FLAGS = ""; }; };
		7186D7C41DAF488C8517F4B6 /* headOperation.cpp in Sources */ = {isa = PBXBuildFile; fileRef = 983C9236D9DE41BFB3B296E1 /* headOperation.cpp */; settings = {COMPILER_FLAGS = ""; }; };
		74FB99533BE84940832E79CF /* parser.cpp in Sources */ = {isa = PBXBuildFile; fileRef = 7942E9735C344000B36E245B /* parser.cpp */; settings = {COMPILER_FLAGS = ""; }; };
		7CA04B4416F94A3AB0DCCA5C /* seqOperation.cpp in Sources */ = {isa = PBXBuildFile; fileRef = 7380205673AE40C1B5FF39D6 /* seqOperation.cpp */; settings = {COMPILER_FLAGS = ""; }; };
		7E9EC0DA17454EACB9F0778F /* counteventsvisitor.cpp in Sources */ = {isa = PBXBuildFile; fileRef = 287C66DCFA934559A86DCE7D /* counteventsvisitor.cpp */; settings = {COMPILER_FLAGS = ""; }; };
		7F22D9A58EF340D8A9426C27 /* durationOperation.cpp in Sources */ = {isa = PBXBuildFile; fileRef = E597DA8B836143A988475F85 /* durationOperation.cpp */; settings = {COMPILER_FLAGS = ""; }; };
		92FFD636963843F7A861AA92 /* gmnvisitor.cpp in Sources */ = {isa = PBXBuildFile; fileRef = F019ACF705E54A4997EECEA3 /* gmnvisitor.cpp */; settings = {COMPILER_FLAGS = ""; }; };
		958ED4AC0B1A46D68954B204 /* markers.cpp in Sources */ = {isa = PBXBuildFile; fileRef = BE4BFB21129E48CFBE8DB097 /* markers.cpp */; settings = {COMPILER_FLAGS = ""; }; };
		98842FD80C904D8EBA33D63F /* etailOperation.cpp in Sources */ = {isa = PBXBuildFile; fileRef = D03C3140F8BB432CBA414B7C /* etailOperation.cpp */; settings = {COMPILER_FLAGS = ""; }; };
		99706688EE2347279D67F22B /* interleaveOperation.cpp in Sources */ = {isa = PBXBuildFile; fileRef = D15B0DFBB28C446FA3D0AB0A /* interleaveOperation.cpp */; settings = {COMPILER_FLAGS = ""; }; };
		99A788800DAC4F22ACB47F14 /* tailOperation.cpp in Sources */ = {isa = PBXBuildFile; fileRef = 5F42F7E4648E48F08501AF58 /* tailOperation.cpp */; settings = {COMPILER_FLAGS = ""; }; };
		A35F2AC903424092B662B446 /* bottomOperation.cpp in Sources */ = {isa = PBXBuildFile; fileRef = 5D1DD539F69244AC8DD46911 /* bottomOperation.cpp */; settings = {COMPILER_FLAGS = ""; }; };
		A3E6F39A371C4D38BA1903D7 /* firstpitchvisitor.cpp in Sources */ = {isa = PBXBuildFile; fileRef = 370DF9D571E541ED946F59B6 /* firstpitchvisitor.cpp */; settings = {COMPILER_FLAGS = ""; }; };
		A9C3DC088D0F456B98D6852B /* eheadOperation.cpp in Sources */ = {isa = PBXBuildFile; fileRef = D04E149B331249738D9DA3A4 /* eheadOperation.cpp */; settings = {COMPILER_FLAGS = ""; }; };
		B3C7FD6D5D65441E8D8FC911 /* pitchvisitor.cpp in Sources */ = {isa = PBXBuildFile; fileRef = BA7B200F76544360AF0C90FC /* pitchvisitor.cpp */; settings = {COMPILER_FLAGS = ""; }; };
		C6FB642A41844E6AA2795A08 /* unrolled_guido_browser.cpp in Sources */ = {isa = PBXBuildFile; fileRef = 36B388454FB44A28A32F250A /* unrolled_guido_browser.cpp */; settings = {COMPILER_FLAGS = ""; }; };
		CC9558E6BC8643999200DCF2 /* midiconverter.cpp in Sources */ = {isa = PBXBuildFile; fileRef = 9FE22A20812543FD8B130AD1 /* midiconverter.cpp */; settings = {COMPILER_FLAGS = ""; }; };
		D3CE08D4CE1D42578B97BE1B /* topOperation.cpp in Sources */ = {isa = PBXBuildFile; fileRef = 3C895578B7BE4BEC81EC3CF8 /* topOperation.cpp */; settings = {COMPILER_FLAGS = ""; }; };
		D55DCE1041164808BF9B8AAE /* libguidoar.mm in Sources */ = {isa = PBXBuildFile; fileRef = 798B66D2477649A0AB8EFD16 /* libguidoar.mm */; settings = {COMPILER_FLAGS = ""; }; };
		D89DC7E60F674CACB4B954D2 /* guidoelement.cpp in Sources */ = {isa = PBXBuildFile; fileRef = 54DDFF12FD294CCD8B8FA7DA /* guidoelement.cpp */; settings = {COMPILER_FLAGS = ""; }; };
		DDBEED9CAD6447628673C98E /* rational.cpp in Sources */ = {isa = PBXBuildFile; fileRef = B6EC1676AD6248BE80A5311D /* rational.cpp */; settings = {COMPILER_FLAGS = ""; }; };
		E7879C427BB3486CA0F4516E /* libguidoar.cpp in Sources */ = {isa = PBXBuildFile; fileRef = 2A0FD6FE53E946D59D4B6582 /* libguidoar.cpp */; settings = {COMPILER_FLAGS = ""; }; };
		F896A22C5AFD4F769FD6F1D8 /* midicontextvisitor.cpp in Sources */ = {isa = PBXBuildFile; fileRef = FA5A243CF58A4F0FA78D9111 /* midicontextvisitor.cpp */; settings = {COMPILER_FLAGS = ""; }; };
		F898297785DF4BE79ACCB150 /* parOperation.cpp in Sources */ = {isa = PBXBuildFile; fileRef = 87341DB78FE64F91B9738094 /* parOperation.cpp */; settings = {COMPILER_FLAGS = ""; }; };
		FD5A5BDF465F409F8FA22405 /* event2timevisitor.cpp in Sources */ = {isa = PBXBuildFile; fileRef = 58F80F36136045A29C460467 /* event2timevisitor.cpp */; settings = {COMPILER_FLAGS = ""; }; };
		FF8B9F342AEB4B8284F4B9D3 /* transposeOperation.cpp in Sources */ = {isa = PBXBuildFile; fileRef = 1463345322E148B2BD7C553E /* transposeOperation.cpp */; settings = {COMPILER_FLAGS = ""; }; };
/* End PBXBuildFile section */

/* Begin PBXContainerItemProxy section */
		4079CEBA56D8456A84843D8C /* PBXContainerItemProxy */ = {
			isa = PBXContainerItemProxy;
			containerPortal = 2AF3BD53CA6443BBB8EBC57A /* Project object */;
			proxyType = 1;
			remoteGlobalIDString = 776B8EB7A1C84AA49F70C447;
			remoteInfo = ZERO_CHECK;
		};
		C965159D5683453D98BF5F99 /* PBXContainerItemProxy */ = {
			isa = PBXContainerItemProxy;
			containerPortal = 2AF3BD53CA6443BBB8EBC57A /* Project object */;
			proxyType = 1;
			remoteGlobalIDString = 0F6F5C20A3464FB2BA1723E0;
			remoteInfo = guidoar;
		};
		F4AD23437F7F4C7FAB7F5D79 /* PBXContainerItemProxy */ = {
			isa = PBXContainerItemProxy;
			containerPortal = 2AF3BD53CA6443BBB8EBC57A /* Project object */;
			proxyType = 1;
			remoteGlobalIDString = 776B8EB7A1C84AA49F70C447;
			remoteInfo = ZERO_CHECK;
		};
/* End PBXContainerItemProxy section */

/* Begin PBXFileReference section */
		01A338358E0F4E5EB26C9C08 /* guidorational.h */ = {isa = PBXFileReference; explicitFileType = sourcecode.c.h; fileEncoding = 4; name = guidorational.h; path = ../src/interface/guidorational.h; sourceTree = SOURCE_ROOT; };
		01C16B3379894BD1BB70CE51 /* CMakeLists.txt */ = {isa = PBXFileReference; explicitFileType = sourcecode.text; fileEncoding = 4; lastKnownFileType = text; path = CMakeLists.txt; sourceTree = SOURCE_ROOT; };
		021DD8655CC947A68CEB1388 /* normalizeOperation.cpp */ = {isa = PBXFileReference; explicitFileType = sourcecode.cpp.cpp; fileEncoding = 4; name = normalizeOperation.cpp; path = ../src/operations/normalizeOperation.cpp; sourceTree = SOURCE_ROOT; };
		04F480C83A924D699E0ED5F2 /* midiconverter.h */ = {isa = PBXFileReference; explicitFileType = sourcecode.c.h; fileEncoding = 4; name = midiconverter.h; path = ../src/midi/midiconverter.h; sourceTree = SOURCE_ROOT; };
		05982AE1F8044873BA00F783 /* countvisitor.h */ = {isa = PBXFileReference; explicitFileType = sourcecode.c.h; fileEncoding = 4; name = countvisitor.h; path = ../src/visitors/countvisitor.h; sourceTree = SOURCE_ROOT; };
		0A09736297804CD59A3F168A /* durationvisitor.cpp */ = {isa = PBXFileReference; explicitFileType = sourcecode.cpp.cpp; fileEncoding = 4; name = durationvisitor.cpp; path = ../src/visitors/durationvisitor.cpp; sourceTree = SOURCE_ROOT; };
		0C5305E3D5A44668AAF3EA75 /* gmnreader.h */ = {isa = PBXFileReference; explicitFileType = sourcecode.c.h; fileEncoding = 4; name = gmnreader.h; path = ../src/parser/gmnreader.h; sourceTree = SOURCE_ROOT; };
		0E75FA2DDBC64DEC953D91D6 /* visitor.h */ = {isa = PBXFileReference; explicitFileType = sourcecode.c.h; fileEncoding = 4; name = visitor.h; path = ../src/visitors/visitor.h; sourceTree = SOURCE_ROOT; };
		135955696E244CEF9CB3EDC5 /* event2timevisitor.h */ = {isa = PBXFileReference; explicitFileType = sourcecode.c.h; fileEncoding = 4; name = event2timevisitor.h; path = ../src/visitors/event2timevisitor.h; sourceTree = SOURCE_ROOT; };
		13CBAADFCE8646BDA1BF0784 /* interleaveOperation.h */ = {isa = PBXFileReference; explicitFileType = sourcecode.c.h; fileEncoding = 4; name = interleaveOperation.h; path = ../src/operations/interleaveOperation.h; sourceTree = SOURCE_ROOT; };
		1463345322E148B2BD7C553E /* transposeOperation.cpp */ = {isa = PBXFileReference; explicitFileType = sourcecode.cpp.cpp; fileEncoding = 4; name = transposeOperation.cpp; path = ../src/operations/transposeOperation.cpp; sourceTree = SOURCE_ROOT; };
		1DB04CBE270945E1985743BE /* clonevisitor.cpp */ = {isa = PBXFileReference; explicitFileType = sourcecode.cpp.cpp; fileEncoding = 4; name = clonevisitor.cpp; path = ../src/visitors/clonevisitor.cpp; sourceTree = SOURCE_ROOT; };
		1F3B506B9252404BBA2AE692 /* guidoparser.cpp */ = {isa = PBXFileReference; explicitFileType = sourcecode.cpp.cpp; fileEncoding = 4; name = guidoparser.cpp; path = ../src/parser/guidoparser.cpp; sourceTree = SOURCE_ROOT; };
		208E0F7A01F746DFBE105BF4 /* eheadOperation.h */ = {isa = PBXFileReference; explicitFileType = sourcecode.c.h; fileEncoding = 4; name = eheadOperation.h; path = ../src/operations/eheadOperation.h; sourceTree = SOURCE_ROOT; };
		20E7BADBC3CD47DF8252F7CC /* etailOperation.h */ = {isa = PBXFileReference; explicitFileType = sourcecode.c.h; fileEncoding = 4; name = etailOperation.h; path = ../src/operations/etailOperation.h; sourceTree = SOURCE_ROOT; };
		2495CE083629442DAF0C86BA /* streambeautifuller.h */ = {isa = PBXFileReference; explicitFileType = sourcecode.c.h; fileEncoding = 4; name = streambeautifuller.h; path = ../src/lib/streambeautifuller.h; sourceTree = SOURCE_ROOT; };
		287C66DCFA934559A86DCE7D /* counteventsvisitor.cpp */ = {isa = PBXFileReference; explicitFileType = sourcecode.cpp.cpp; fileEncoding = 4; name = counteventsvisitor.cpp; path = ../src/visitors/counteventsvisitor.cpp; sourceTree = SOURCE_ROOT; };
		2A0FD6FE53E946D59D4B6582 /* libguidoar.cpp */ = {isa = PBXFileReference; explicitFileType = sourcecode.cpp.cpp; fileEncoding = 4; name = libguidoar.cpp; path = ../src/interface/libguidoar.cpp; sourceTree = SOURCE_ROOT; };
		2A959E96ED3A40308A880080 /* basevisitor.h */ = {isa = PBXFileReference; explicitFileType = sourcecode.c.h; fileEncoding = 4; name = basevisitor.h; path = ../src/visitors/basevisitor.h; sourceTree = SOURCE_ROOT; };
		2C7C8A3C88EF4290AE4E2146 /* pitchApplyOperation.cpp */ = {isa = PBXFileReference; explicitFileType = sourcecode.cpp.cpp; fileEncoding = 4; name = pitchApplyOperation.cpp; path = ../src/operations/pitchApplyOperation.cpp; sourceTree = SOURCE_ROOT; };
		36B388454FB44A28A32F250A /* unrolled_guido_browser.cpp */ = {isa = PBXFileReference; explicitFileType = sourcecode.cpp.cpp; fileEncoding = 4; name = unrolled_guido_browser.cpp; path = ../src/visitors/unrolled_guido_browser.cpp; sourceTree = SOURCE_ROOT; };
		370DF9D571E541ED946F59B6 /* firstpitchvisitor.cpp */ = {isa = PBXFileReference; explicitFileType = sourcecode.cpp.cpp; fileEncoding = 4; name = firstpitchvisitor.cpp; path = ../src/visitors/firstpitchvisitor.cpp; sourceTree = SOURCE_ROOT; };
		39D11E6822364737902A942F /* ARFactory.h */ = {isa = PBXFileReference; explicitFileType = sourcecode.c.h; fileEncoding = 4; name = ARFactory.h; path = ../src/guido/abstract/ARFactory.h; sourceTree = SOURCE_ROOT; };
		3C895578B7BE4BEC81EC3CF8 /* topOperation.cpp */ = {isa = PBXFileReference; explicitFileType = sourcecode.cpp.cpp; fileEncoding = 4; name = topOperation.cpp; path = ../src/operations/topOperation.cpp; sourceTree = SOURCE_ROOT; };
		3F34457A06D0470481C8D6DB /* seqOperation.h */ = {isa = PBXFileReference; explicitFileType = sourcecode.c.h; fileEncoding = 4; name = seqOperation.h; path = ../src/operations/seqOperation.h; sourceTree = SOURCE_ROOT; };
		44B2436EDDC24A13BFC7090E /* parOperation.h */ = {isa = PBXFileReference; explicitFileType = sourcecode.c.h; fileEncoding = 4; name = parOperation.h; path = ../src/operations/parOperation.h; sourceTree = SOURCE_ROOT; };
		4C08C236B54041FFA496736B /* ctree.h */ = {isa = PBXFileReference; explicitFileType = sourcecode.c.h; fileEncoding = 4; name = ctree.h; path = ../src/lib/ctree.h; sourceTree = SOURCE_ROOT; };
		4CD66B34278F4C9FA472DB56 /* smartpointer.h */ = {isa = PBXFileReference; explicitFileType = sourcecode.c.h; fileEncoding = 4; name = smartpointer.h; path = ../src/lib/smartpointer.h; sourceTree = SOURCE_ROOT; };
		50D22005936E46BE94390039 /* AROthers.cpp */ = {isa = PBXFileReference; explicitFileType = sourcecode.cpp.cpp; fileEncoding = 4; name = AROthers.cpp; path = ../src/guido/abstract/AROthers.cpp; sourceTree = SOURCE_ROOT; };
		513C6DA728C5446BB87CEF5C /* durationOperation.h */ = {isa = PBXFileReference; explicitFileType = sourcecode.c.h; fileEncoding = 4; name = durationOperation.h; path = ../src/operations/durationOperation.h; sourceTree = SOURCE_ROOT; };
		54AEB61B1D994833AAC82C1B /* rythmApplyOperation.cpp */ = {isa = PBXFileReference; explicitFileType = sourcecode.cpp.cpp; fileEncoding = 4; name = rythmApplyOperation.cpp; path = ../src/operations/rythmApplyOperation.cpp; sourceTree = SOURCE_ROOT; };
		54DDFF12FD294CCD8B8FA7DA /* guidoelement.cpp */ = {isa = PBXFileReference; explicitFileType = sourcecode.cpp.cpp; fileEncoding = 4; name = guidoelement.cpp; path = ../src/guido/guidoelement.cpp; sourceTree = SOURCE_ROOT; };
		58F80F36136045A29C460467 /* event2timevisitor.cpp */ = {isa = PBXFileReference; explicitFileType = sourcecode.cpp.cpp; fileEncoding = 4; name = event2timevisitor.cpp; path = ../src/visitors/event2timevisitor.cpp; sourceTree = SOURCE_ROOT; };
		5B8C6B0B18654B52BDBA757B /* unrolled_guido_browser.h */ = {isa = PBXFileReference; explicitFileType = sourcecode.c.h; fileEncoding = 4; name = unrolled_guido_browser.h; path = ../src/visitors/unrolled_guido_browser.h; sourceTree = SOURCE_ROOT; };
		5C21D58C565C4B5FB8EB25CD /* markers.h */ = {isa = PBXFileReference; explicitFileType = sourcecode.c.h; fileEncoding = 4; name = markers.h; path = ../src/operations/markers.h; sourceTree = SOURCE_ROOT; };
		5D1DD539F69244AC8DD46911 /* bottomOperation.cpp */ = {isa = PBXFileReference; explicitFileType = sourcecode.cpp.cpp; fileEncoding = 4; name = bottomOperation.cpp; path = ../src/operations/bottomOperation.cpp; sourceTree = SOURCE_ROOT; };
		5F42F7E4648E48F08501AF58 /* tailOperation.cpp */ = {isa = PBXFileReference; explicitFileType = sourcecode.cpp.cpp; fileEncoding = 4; name = tailOperation.cpp; path = ../src/operations/tailOperation.cpp; sourceTree = SOURCE_ROOT; };
		65D64C8745BB47D6B4F9AB84 /* rythmvisitor.h */ = {isa = PBXFileReference; explicitFileType = sourcecode.c.h; fileEncoding = 4; name = rythmvisitor.h; path = ../src/visitors/rythmvisitor.h; sourceTree = SOURCE_ROOT; };
		6D4D659DCA4E4F94AAC1626D /* ARNote.h */ = {isa = PBXFileReference; explicitFileType = sourcecode.c.h; fileEncoding = 4; name = ARNote.h; path = ../src/guido/abstract/ARNote.h; sourceTree = SOURCE_ROOT; };
		6E5DE004CF594B7EB9DE8F7A /* ARChord.h */ = {isa = PBXFileReference; explicitFileType = sourcecode.c.h; fileEncoding = 4; name = ARChord.h; path = ../src/guido/abstract/ARChord.h; sourceTree = SOURCE_ROOT; };
		70F028070BF74F7F8D0BA754 /* libguidoar.a */ = {isa = PBXFileReference; explicitFileType = archive.ar; path = libguidoar.a; sourceTree = BUILT_PRODUCTS_DIR; };
		7380205673AE40C1B5FF39D6 /* seqOperation.cpp */ = {isa = PBXFileReference; explicitFileType = sourcecode.cpp.cpp; fileEncoding = 4; name = seqOperation.cpp; path = ../src/operations/seqOperation.cpp; sourceTree = SOURCE_ROOT; };
		7942E9735C344000B36E245B /* parser.cpp */ = {isa = PBXFileReference; explicitFileType = sourcecode.cpp.cpp; fileEncoding = 4; name = parser.cpp; path = ../src/parser/parser.cpp; sourceTree = SOURCE_ROOT; };
		798B66D2477649A0AB8EFD16 /* libguidoar.mm */ = {isa = PBXFileReference; explicitFileType = sourcecode.cpp.objcpp; fileEncoding = 4; name = libguidoar.mm; path = libguidoar/libguidoar.mm; sourceTree = SOURCE_ROOT; };
		79D2AD129CF64199A679C52A /* visitable.h */ = {isa = PBXFileReference; explicitFileType = sourcecode.c.h; fileEncoding = 4; name = visitable.h; path = ../src/visitors/visitable.h; sourceTree = SOURCE_ROOT; };
		7E806522507E49AAB85D9484 /* export.h */ = {isa = PBXFileReference; explicitFileType = sourcecode.c.h; fileEncoding = 4; name = export.h; path = ../src/interface/export.h; sourceTree = SOURCE_ROOT; };
		823B9E3A125F46AE86C3F899 /* CMakeLists.txt */ = {isa = PBXFileReference; explicitFileType = sourcecode.text; fileEncoding = 4; lastKnownFileType = text; path = CMakeLists.txt; sourceTree = SOURCE_ROOT; };
		83C417E0973D4D6EA7E063D2 /* streambeautifuller.cpp */ = {isa = PBXFileReference; explicitFileType = sourcecode.cpp.cpp; fileEncoding = 4; name = streambeautifuller.cpp; path = ../src/lib/streambeautifuller.cpp; sourceTree = SOURCE_ROOT; };
		84170E427A1B4CEE9B6A1FE8 /* CMakeLists.txt */ = {isa = PBXFileReference; explicitFileType = sourcecode.text; fileEncoding = 4; lastKnownFileType = text; path = CMakeLists.txt; sourceTree = SOURCE_ROOT; };
		87341DB78FE64F91B9738094 /* parOperation.cpp */ = {isa = PBXFileReference; explicitFileType = sourcecode.cpp.cpp; fileEncoding = 4; name = parOperation.cpp; path = ../src/operations/parOperation.cpp; sourceTree = SOURCE_ROOT; };
		888F39F4C3974AC286DDEABD /* tailOperation.h */ = {isa = PBXFileReference; explicitFileType = sourcecode.c.h; fileEncoding = 4; name = tailOperation.h; path = ../src/operations/tailOperation.h; sourceTree = SOURCE_ROOT; };
		8A144930E8704CEB88024047 /* singleton.h */ = {isa = PBXFileReference; explicitFileType = sourcecode.c.h; fileEncoding = 4; name = singleton.h; path = ../src/lib/singleton.h; sourceTree = SOURCE_ROOT; };
		8C641359567B40C093E33D94 /* functor.h */ = {isa = PBXFileReference; explicitFileType = sourcecode.c.h; fileEncoding = 4; name = functor.h; path = ../src/lib/functor.h; sourceTree = SOURCE_ROOT; };
		8E1B63BBF77F4ACC84697382 /* normalizeOperation.h */ = {isa = PBXFileReference; explicitFileType = sourcecode.c.h; fileEncoding = 4; name = normalizeOperation.h; path = ../src/operations/normalizeOperation.h; sourceTree = SOURCE_ROOT; };
		91C93885ED4248BBA0A9DE2C /* libguidoar.h */ = {isa = PBXFileReference; explicitFileType = sourcecode.c.h; fileEncoding = 4; name = libguidoar.h; path = ../src/interface/libguidoar.h; sourceTree = SOURCE_ROOT; };
		93E7F0C2684E420B9A401ADA /* ARFactory.cpp */ = {isa = PBXFileReference; explicitFileType = sourcecode.cpp.cpp; fileEncoding = 4; name = ARFactory.cpp; path = ../src/guido/abstract/ARFactory.cpp; sourceTree = SOURCE_ROOT; };
		97C240EFD581403CBAE9E3C6 /* operation.h */ = {isa = PBXFileReference; explicitFileType = sourcecode.c.h; fileEncoding = 4; name = operation.h; path = ../src/operations/operation.h; sourceTree = SOURCE_ROOT; };
		983C9236D9DE41BFB3B296E1 /* headOperation.cpp */ = {isa = PBXFileReference; explicitFileType = sourcecode.cpp.cpp; fileEncoding = 4; name = headOperation.cpp; path = ../src/operations/headOperation.cpp; sourceTree = SOURCE_ROOT; };
		98A48266C00C4CAD9A374977 /* ARTypes.h */ = {isa = PBXFileReference; explicitFileType = sourcecode.c.h; fileEncoding = 4; name = ARTypes.h; path = ../src/guido/abstract/ARTypes.h; sourceTree = SOURCE_ROOT; };
		9AECEEF57AB24590B38DEEE8 /* browser.h */ = {isa = PBXFileReference; explicitFileType = sourcecode.c.h; fileEncoding = 4; name = browser.h; path = ../src/lib/browser.h; sourceTree = SOURCE_ROOT; };
		9C29894A913C465EA85BDF8B /* topOperation.h */ = {isa = PBXFileReference; explicitFileType = sourcecode.c.h; fileEncoding = 4; name = topOperation.h; path = ../src/operations/topOperation.h; sourceTree = SOURCE_ROOT; };
		9FE22A20812543FD8B130AD1 /* midiconverter.cpp */ = {isa = PBXFileReference; explicitFileType = sourcecode.cpp.cpp; fileEncoding = 4; name = midiconverter.cpp; path = ../src/midi/midiconverter.cpp; sourceTree = SOURCE_ROOT; };
		A2AFB8C0421A40B491C6937D /* guidotags.h */ = {isa = PBXFileReference; explicitFileType = sourcecode.c.h; fileEncoding = 4; name = guidotags.h; path = ../src/guido/guidotags.h; sourceTree = SOURCE_ROOT; };
		A327058A6D824C0FB9AC76A3 /* pitchvisitor.h */ = {isa = PBXFileReference; explicitFileType = sourcecode.c.h; fileEncoding = 4; name = pitchvisitor.h; path = ../src/visitors/pitchvisitor.h; sourceTree = SOURCE_ROOT; };
		A7DEBDBF11134F089D71266F /* mirrorOperation.h */ = {isa = PBXFileReference; explicitFileType = sourcecode.c.h; fileEncoding = 4; name = mirrorOperation.h; path = ../src/operations/mirrorOperation.h; sourceTree = SOURCE_ROOT; };
		AE5F7D1233284CDCB63402AB /* AROthers.h */ = {isa = PBXFileReference; explicitFileType = sourcecode.c.h; fileEncoding = 4; name = AROthers.h; path = ../src/guido/abstract/AROthers.h; sourceTree = SOURCE_ROOT; };
		B23B4779B3704D80BF413689 /* libguidoar.h */ = {isa = PBXFileReference; explicitFileType = sourcecode.c.h; fileEncoding = 4; name = libguidoar.h; path = libguidoar/libguidoar.h; sourceTree = SOURCE_ROOT; };
		B6EC1676AD6248BE80A5311D /* rational.cpp */ = {isa = PBXFileReference; explicitFileType = sourcecode.cpp.cpp; fileEncoding = 4; name = rational.cpp; path = ../src/lib/rational.cpp; sourceTree = SOURCE_ROOT; };
		B8D195D68E834E6296B297E8 /* ARChord.cpp */ = {isa = PBXFileReference; explicitFileType = sourcecode.cpp.cpp; fileEncoding = 4; name = ARChord.cpp; path = ../src/guido/abstract/ARChord.cpp; sourceTree = SOURCE_ROOT; };
		BA7B200F76544360AF0C90FC /* pitchvisitor.cpp */ = {isa = PBXFileReference; explicitFileType = sourcecode.cpp.cpp; fileEncoding = 4; name = pitchvisitor.cpp; path = ../src/visitors/pitchvisitor.cpp; sourceTree = SOURCE_ROOT; };
		BE4BFB21129E48CFBE8DB097 /* markers.cpp */ = {isa = PBXFileReference; explicitFileType = sourcecode.cpp.cpp; fileEncoding = 4; name = markers.cpp; path = ../src/operations/markers.cpp; sourceTree = SOURCE_ROOT; };
		BF5CD8958369448AB9D082D4 /* ringvector.h */ = {isa = PBXFileReference; explicitFileType = sourcecode.c.h; fileEncoding = 4; name = ringvector.h; path = ../src/lib/ringvector.h; sourceTree = SOURCE_ROOT; };
		C1F3270720F243C0AFB78FAE /* guidoparser.h */ = {isa = PBXFileReference; explicitFileType = sourcecode.c.h; fileEncoding = 4; name = guidoparser.h; path = ../src/parser/guidoparser.h; sourceTree = SOURCE_ROOT; };
		C293522B9B5645BE8BF5E2D7 /* midicontextvisitor.h */ = {isa = PBXFileReference; explicitFileType = sourcecode.c.h; fileEncoding = 4; name = midicontextvisitor.h; path = ../src/visitors/midicontextvisitor.h; sourceTree = SOURCE_ROOT; };
		C437620C8FF84679AC4EC08B /* mirrorOperation.cpp */ = {isa = PBXFileReference; explicitFileType = sourcecode.cpp.cpp; fileEncoding = 4; name = mirrorOperation.cpp; path = ../src/operations/mirrorOperation.cpp; sourceTree = SOURCE_ROOT; };
		C9572B3AD5C24E3B8541EFD8 /* durationvisitor.h */ = {isa = PBXFileReference; explicitFileType = sourcecode.c.h; fileEncoding = 4; name = durationvisitor.h; path = ../src/visitors/durationvisitor.h; sourceTree = SOURCE_ROOT; };
		C96258B47A6743CA8813EB81 /* guidoelement.h */ = {isa = PBXFileReference; explicitFileType = sourcecode.c.h; fileEncoding = 4; name = guidoelement.h; path = ../src/guido/guidoelement.h; sourceTree = SOURCE_ROOT; };
		D03C3140F8BB432CBA414B7C /* etailOperation.cpp */ = {isa = PBXFileReference; explicitFileType = sourcecode.cpp.cpp; fileEncoding = 4; name = etailOperation.cpp; path = ../src/operations/etailOperation.cpp; sourceTree = SOURCE_ROOT; };
		D04E149B331249738D9DA3A4 /* eheadOperation.cpp */ = {isa = PBXFileReference; explicitFileType = sourcecode.cpp.cpp; fileEncoding = 4; name = eheadOperation.cpp; path = ../src/operations/eheadOperation.cpp; sourceTree = SOURCE_ROOT; };
		D15B0DFBB28C446FA3D0AB0A /* interleaveOperation.cpp */ = {isa = PBXFileReference; explicitFileType = sourcecode.cpp.cpp; fileEncoding = 4; name = interleaveOperation.cpp; path = ../src/operations/interleaveOperation.cpp; sourceTree = SOURCE_ROOT; };
		D24CB79FC16B4010ACBD3E83 /* counteventsvisitor.h */ = {isa = PBXFileReference; explicitFileType = sourcecode.c.h; fileEncoding = 4; name = counteventsvisitor.h; path = ../src/visitors/counteventsvisitor.h; sourceTree = SOURCE_ROOT; };
		D7D283C22A9A40AC9411AA75 /* ARTag.h */ = {isa = PBXFileReference; explicitFileType = sourcecode.c.h; fileEncoding = 4; name = ARTag.h; path = ../src/guido/abstract/ARTag.h; sourceTree = SOURCE_ROOT; };
		D980F757BC77413596122A99 /* rythmvisitor.cpp */ = {isa = PBXFileReference; explicitFileType = sourcecode.cpp.cpp; fileEncoding = 4; name = rythmvisitor.cpp; path = ../src/visitors/rythmvisitor.cpp; sourceTree = SOURCE_ROOT; };
		DCE482D80A154F2DAA212CB3 /* bottomOperation.h */ = {isa = PBXFileReference; explicitFileType = sourcecode.c.h; fileEncoding = 4; name = bottomOperation.h; path = ../src/operations/bottomOperation.h; sourceTree = SOURCE_ROOT; };
		DF3CE803C1DD467198371B17 /* clefchangeOperation.cpp */ = {isa = PBXFileReference; explicitFileType = sourcecode.cpp.cpp; fileEncoding = 4; name = clefchangeOperation.cpp; path = ../src/operations/clefchangeOperation.cpp; sourceTree = SOURCE_ROOT; };
		E09CA72069CA48528C8601F2 /* firstpitchvisitor.h */ = {isa = PBXFileReference; explicitFileType = sourcecode.c.h; fileEncoding = 4; name = firstpitchvisitor.h; path = ../src/visitors/firstpitchvisitor.h; sourceTree = SOURCE_ROOT; };
		E1AFABD133BB4D8DB90B005D /* pitchApplyOperation.h */ = {isa = PBXFileReference; explicitFileType = sourcecode.c.h; fileEncoding = 4; name = pitchApplyOperation.h; path = ../src/operations/pitchApplyOperation.h; sourceTree = SOURCE_ROOT; };
		E44009385D72487EB92F220B /* headOperation.h */ = {isa = PBXFileReference; explicitFileType = sourcecode.c.h; fileEncoding = 4; name = headOperation.h; path = ../src/operations/headOperation.h; sourceTree = SOURCE_ROOT; };
		E597DA8B836143A988475F85 /* durationOperation.cpp */ = {isa = PBXFileReference; explicitFileType = sourcecode.cpp.cpp; fileEncoding = 4; name = durationOperation.cpp; path = ../src/operations/durationOperation.cpp; sourceTree = SOURCE_ROOT; };
		E79A91E34A944EC7AE2A492F /* clonevisitor.h */ = {isa = PBXFileReference; explicitFileType = sourcecode.c.h; fileEncoding = 4; name = clonevisitor.h; path = ../src/visitors/clonevisitor.h; sourceTree = SOURCE_ROOT; };
		E81493439CF640CFBE402D4E /* gmnvisitor.h */ = {isa = PBXFileReference; explicitFileType = sourcecode.c.h; fileEncoding = 4; name = gmnvisitor.h; path = ../src/visitors/gmnvisitor.h; sourceTree = SOURCE_ROOT; };
		EB670E8929DB4F9AA7664F2C /* ARTag.cpp */ = {isa = PBXFileReference; explicitFileType = sourcecode.cpp.cpp; fileEncoding = 4; name = ARTag.cpp; path = ../src/guido/abstract/ARTag.cpp; sourceTree = SOURCE_ROOT; };
		ED10572A0D5F4EF482124060 /* rythmApplyOperation.h */ = {isa = PBXFileReference; explicitFileType = sourcecode.c.h; fileEncoding = 4; name = rythmApplyOperation.h; path = ../src/operations/rythmApplyOperation.h; sourceTree = SOURCE_ROOT; };
		F019ACF705E54A4997EECEA3 /* gmnvisitor.cpp */ = {isa = PBXFileReference; explicitFileType = sourcecode.cpp.cpp; fileEncoding = 4; name = gmnvisitor.cpp; path = ../src/visitors/gmnvisitor.cpp; sourceTree = SOURCE_ROOT; };
		F2EB89E0EBEE43ECBF3610AD /* tree_browser.h */ = {isa = PBXFileReference; explicitFileType = sourcecode.c.h; fileEncoding = 4; name = tree_browser.h; path = ../src/lib/tree_browser.h; sourceTree = SOURCE_ROOT; };
		F6DAD868431E4E0BB41373B7 /* transposeOperation.h */ = {isa = PBXFileReference; explicitFileType = sourcecode.c.h; fileEncoding = 4; name = transposeOperation.h; path = ../src/operations/transposeOperation.h; sourceTree = SOURCE_ROOT; };
		FA5A243CF58A4F0FA78D9111 /* midicontextvisitor.cpp */ = {isa = PBXFileReference; explicitFileType = sourcecode.cpp.cpp; fileEncoding = 4; name = midicontextvisitor.cpp; path = ../src/visitors/midicontextvisitor.cpp; sourceTree = SOURCE_ROOT; };
		FE926FAD2DAF4B4FA6DD44BE /* ARNote.cpp */ = {isa = PBXFileReference; explicitFileType = sourcecode.cpp.cpp; fileEncoding = 4; name = ARNote.cpp; path = ../src/guido/abstract/ARNote.cpp; sourceTree = SOURCE_ROOT; };
/* End PBXFileReference section */

/* Begin PBXGroup section */
		09511E0253B2486AA9A92783 /* Resources */ = {
			isa = PBXGroup;
			children = (
			);
			name = Resources;
			sourceTree = "<group>";
		};
		09E90E3852D4426881890F66 /* Source Files */ = {
			isa = PBXGroup;
			children = (
				798B66D2477649A0AB8EFD16 /* libguidoar.mm */,
				B8D195D68E834E6296B297E8 /* ARChord.cpp */,
				93E7F0C2684E420B9A401ADA /* ARFactory.cpp */,
				FE926FAD2DAF4B4FA6DD44BE /* ARNote.cpp */,
				50D22005936E46BE94390039 /* AROthers.cpp */,
				EB670E8929DB4F9AA7664F2C /* ARTag.cpp */,
				54DDFF12FD294CCD8B8FA7DA /* guidoelement.cpp */,
				2A0FD6FE53E946D59D4B6582 /* libguidoar.cpp */,
				B6EC1676AD6248BE80A5311D /* rational.cpp */,
				83C417E0973D4D6EA7E063D2 /* streambeautifuller.cpp */,
				9FE22A20812543FD8B130AD1 /* midiconverter.cpp */,
				5D1DD539F69244AC8DD46911 /* bottomOperation.cpp */,
				DF3CE803C1DD467198371B17 /* clefchangeOperation.cpp */,
				E597DA8B836143A988475F85 /* durationOperation.cpp */,
				D04E149B331249738D9DA3A4 /* eheadOperation.cpp */,
				D03C3140F8BB432CBA414B7C /* etailOperation.cpp */,
				983C9236D9DE41BFB3B296E1 /* headOperation.cpp */,
				D15B0DFBB28C446FA3D0AB0A /* interleaveOperation.cpp */,
				BE4BFB21129E48CFBE8DB097 /* markers.cpp */,
				C437620C8FF84679AC4EC08B /* mirrorOperation.cpp */,
				021DD8655CC947A68CEB1388 /* normalizeOperation.cpp */,
				87341DB78FE64F91B9738094 /* parOperation.cpp */,
				2C7C8A3C88EF4290AE4E2146 /* pitchApplyOperation.cpp */,
				54AEB61B1D994833AAC82C1B /* rythmApplyOperation.cpp */,
				7380205673AE40C1B5FF39D6 /* seqOperation.cpp */,
				5F42F7E4648E48F08501AF58 /* tailOperation.cpp */,
				3C895578B7BE4BEC81EC3CF8 /* topOperation.cpp */,
				1463345322E148B2BD7C553E /* transposeOperation.cpp */,
				1F3B506B9252404BBA2AE692 /* guidoparser.cpp */,
				7942E9735C344000B36E245B /* parser.cpp */,
				1DB04CBE270945E1985743BE /* clonevisitor.cpp */,
				287C66DCFA934559A86DCE7D /* counteventsvisitor.cpp */,
				0A09736297804CD59A3F168A /* durationvisitor.cpp */,
				58F80F36136045A29C460467 /* event2timevisitor.cpp */,
				370DF9D571E541ED946F59B6 /* firstpitchvisitor.cpp */,
				F019ACF705E54A4997EECEA3 /* gmnvisitor.cpp */,
				FA5A243CF58A4F0FA78D9111 /* midicontextvisitor.cpp */,
				BA7B200F76544360AF0C90FC /* pitchvisitor.cpp */,
				D980F757BC77413596122A99 /* rythmvisitor.cpp */,
				36B388454FB44A28A32F250A /* unrolled_guido_browser.cpp */,
			);
			name = "Source Files";
			sourceTree = "<group>";
		};
		1A331ED2AF1E4D198FB1D62E /* Header Files */ = {
			isa = PBXGroup;
			children = (
				B23B4779B3704D80BF413689 /* libguidoar.h */,
				6E5DE004CF594B7EB9DE8F7A /* ARChord.h */,
				39D11E6822364737902A942F /* ARFactory.h */,
				6D4D659DCA4E4F94AAC1626D /* ARNote.h */,
				AE5F7D1233284CDCB63402AB /* AROthers.h */,
				D7D283C22A9A40AC9411AA75 /* ARTag.h */,
				98A48266C00C4CAD9A374977 /* ARTypes.h */,
				C96258B47A6743CA8813EB81 /* guidoelement.h */,
				A2AFB8C0421A40B491C6937D /* guidotags.h */,
				7E806522507E49AAB85D9484 /* export.h */,
				01A338358E0F4E5EB26C9C08 /* guidorational.h */,
				91C93885ED4248BBA0A9DE2C /* libguidoar.h */,
				9AECEEF57AB24590B38DEEE8 /* browser.h */,
				4C08C236B54041FFA496736B /* ctree.h */,
				8C641359567B40C093E33D94 /* functor.h */,
				BF5CD8958369448AB9D082D4 /* ringvector.h */,
				8A144930E8704CEB88024047 /* singleton.h */,
				4CD66B34278F4C9FA472DB56 /* smartpointer.h */,
				2495CE083629442DAF0C86BA /* streambeautifuller.h */,
				F2EB89E0EBEE43ECBF3610AD /* tree_browser.h */,
				04F480C83A924D699E0ED5F2 /* midiconverter.h */,
				DCE482D80A154F2DAA212CB3 /* bottomOperation.h */,
				513C6DA728C5446BB87CEF5C /* durationOperation.h */,
				208E0F7A01F746DFBE105BF4 /* eheadOperation.h */,
				20E7BADBC3CD47DF8252F7CC /* etailOperation.h */,
				E44009385D72487EB92F220B /* headOperation.h */,
				13CBAADFCE8646BDA1BF0784 /* interleaveOperation.h */,
				5C21D58C565C4B5FB8EB25CD /* markers.h */,
				A7DEBDBF11134F089D71266F /* mirrorOperation.h */,
				8E1B63BBF77F4ACC84697382 /* normalizeOperation.h */,
				97C240EFD581403CBAE9E3C6 /* operation.h */,
				44B2436EDDC24A13BFC7090E /* parOperation.h */,
				E1AFABD133BB4D8DB90B005D /* pitchApplyOperation.h */,
				ED10572A0D5F4EF482124060 /* rythmApplyOperation.h */,
				3F34457A06D0470481C8D6DB /* seqOperation.h */,
				888F39F4C3974AC286DDEABD /* tailOperation.h */,
				9C29894A913C465EA85BDF8B /* topOperation.h */,
				F6DAD868431E4E0BB41373B7 /* transposeOperation.h */,
				0C5305E3D5A44668AAF3EA75 /* gmnreader.h */,
				C1F3270720F243C0AFB78FAE /* guidoparser.h */,
				2A959E96ED3A40308A880080 /* basevisitor.h */,
				E79A91E34A944EC7AE2A492F /* clonevisitor.h */,
				D24CB79FC16B4010ACBD3E83 /* counteventsvisitor.h */,
				05982AE1F8044873BA00F783 /* countvisitor.h */,
				C9572B3AD5C24E3B8541EFD8 /* durationvisitor.h */,
				135955696E244CEF9CB3EDC5 /* event2timevisitor.h */,
				E09CA72069CA48528C8601F2 /* firstpitchvisitor.h */,
				E81493439CF640CFBE402D4E /* gmnvisitor.h */,
				C293522B9B5645BE8BF5E2D7 /* midicontextvisitor.h */,
				A327058A6D824C0FB9AC76A3 /* pitchvisitor.h */,
				65D64C8745BB47D6B4F9AB84 /* rythmvisitor.h */,
				5B8C6B0B18654B52BDBA757B /* unrolled_guido_browser.h */,
				79D2AD129CF64199A679C52A /* visitable.h */,
				0E75FA2DDBC64DEC953D91D6 /* visitor.h */,
			);
			name = "Header Files";
			sourceTree = "<group>";
		};
		1D315D8364B3409E8AF81398 /* ZERO_CHECK */ = {
			isa = PBXGroup;
			children = (
				578ACF7E78444A5FAB7092B6 /* CMake Rules */,
				823B9E3A125F46AE86C3F899 /* CMakeLists.txt */,
			);
			name = ZERO_CHECK;
			sourceTree = "<group>";
		};
		43C5A56B34324BA8BE0D6E13 /* CMake Rules */ = {
			isa = PBXGroup;
			children = (
			);
			name = "CMake Rules";
			sourceTree = "<group>";
		};
		578ACF7E78444A5FAB7092B6 /* CMake Rules */ = {
			isa = PBXGroup;
			children = (
			);
			name = "CMake Rules";
			sourceTree = "<group>";
		};
		68BD3A638D6540D5ADAFC3F0 = {
			isa = PBXGroup;
			children = (
				B3ADD58AE61B4BBC9E6E67C6 /* Sources */,
				09511E0253B2486AA9A92783 /* Resources */,
				690072FE11A34138A695332C /* Products */,
			);
			sourceTree = "<group>";
		};
		690072FE11A34138A695332C /* Products */ = {
			isa = PBXGroup;
			children = (
				70F028070BF74F7F8D0BA754 /* libguidoar.a */,
			);
			name = Products;
			sourceTree = "<group>";
		};
		74A9309099DB4309BAB906E3 /* guidoar */ = {
			isa = PBXGroup;
			children = (
				09E90E3852D4426881890F66 /* Source Files */,
				1A331ED2AF1E4D198FB1D62E /* Header Files */,
				01C16B3379894BD1BB70CE51 /* CMakeLists.txt */,
			);
			name = guidoar;
			sourceTree = "<group>";
		};
		968803C0A26642CD8CF8B47B /* ALL_BUILD */ = {
			isa = PBXGroup;
			children = (
				43C5A56B34324BA8BE0D6E13 /* CMake Rules */,
				84170E427A1B4CEE9B6A1FE8 /* CMakeLists.txt */,
			);
			name = ALL_BUILD;
			sourceTree = "<group>";
		};
		B3ADD58AE61B4BBC9E6E67C6 /* Sources */ = {
			isa = PBXGroup;
			children = (
				74A9309099DB4309BAB906E3 /* guidoar */,
				968803C0A26642CD8CF8B47B /* ALL_BUILD */,
				1D315D8364B3409E8AF81398 /* ZERO_CHECK */,
			);
			name = Sources;
			sourceTree = "<group>";
		};
/* End PBXGroup section */

/* Begin PBXNativeTarget section */
		0F6F5C20A3464FB2BA1723E0 /* guidoar */ = {
			isa = PBXNativeTarget;
			buildConfigurationList = 56E6C0445A734682A25C1A08 /* Build configuration list for PBXNativeTarget "guidoar" */;
			buildPhases = (
				2F955967AE1B4BE5949E60CC /* Sources */,
			);
			buildRules = (
			);
			dependencies = (
				E8048A3AC153453EB3638A7F /* PBXTargetDependency */,
			);
			name = guidoar;
			productName = guidoar;
			productReference = 70F028070BF74F7F8D0BA754 /* libguidoar.a */;
			productType = "com.apple.product-type.library.static";
		};
/* End PBXNativeTarget section */

/* Begin PBXProject section */
		2AF3BD53CA6443BBB8EBC57A /* Project object */ = {
			isa = PBXProject;
			attributes = {
				BuildIndependentTargetsInParallel = YES;
				LastUpgradeCheck = 0820;
				TargetAttributes = {
					CF698B131E4DD8C500827520 = {
						CreatedOnToolsVersion = 8.2;
						DevelopmentTeam = SAE7K79844;
						ProvisioningStyle = Automatic;
					};
				};
			};
			buildConfigurationList = 5B8ED7F9F8584C1F909A9AE1 /* Build configuration list for PBXProject "guidoar" */;
			compatibilityVersion = "Xcode 3.2";
			developmentRegion = English;
			hasScannedForEncodings = 0;
			knownRegions = (
				en,
			);
			mainGroup = 68BD3A638D6540D5ADAFC3F0;
			projectDirPath = "";
			projectRoot = "";
			targets = (
				3259C67FCA444BF79FE1D983 /* ALL_BUILD */,
				776B8EB7A1C84AA49F70C447 /* ZERO_CHECK */,
				0F6F5C20A3464FB2BA1723E0 /* guidoar */,
				CF698B131E4DD8C500827520 /* GuidoAR-Universal */,
			);
		};
/* End PBXProject section */

/* Begin PBXShellScriptBuildPhase section */
		CF698B171E4DD8DA00827520 /* ShellScript */ = {
			isa = PBXShellScriptBuildPhase;
			buildActionMask = 2147483647;
			files = (
			);
			inputPaths = (
			);
			outputPaths = (
			);
			runOnlyForDeploymentPostprocessing = 0;
			shellPath = /bin/sh;
			shellScript = "# 1\n# Set bash script to exit immediately if any commands fail.\nset -e\n\necho \"Build Dir\", ${BUILD_DIR}\n\ncd ${BUILD_DIR}\ncd ..\nOUT_LIB_NAME=\"libGuidoARlib-iOS\"\nLIB_NAME=\"libguidoar\"\n\n\n# define output folder environment variable\n#UNIVERSAL_OUTPUTFOLDER=${BUILD_DIR}/${CONFIGURATION}-universal\nUNIVERSAL_OUTPUTFOLDER=${BUILD_DIR}/guidoarlib\n\n# make sure the output directory exists\nmkdir -p \"${UNIVERSAL_OUTPUTFOLDER}\"\nmkdir -p \"${UNIVERSAL_OUTPUTFOLDER}/${CONFIGURATION}\"\n\n# Step 1. Build Device and Simulator versions\nxcodebuild -target guidoar ONLY_ACTIVE_ARCH=NO -configuration ${CONFIGURATION} -sdk iphoneos  BUILD_DIR=\"${BUILD_DIR}\" BUILD_ROOT=\"${BUILD_ROOT}\"\nxcodebuild -target guidoar -configuration ${CONFIGURATION} -sdk iphonesimulator -arch i386 -arch x86_64 BUILD_DIR=\"${BUILD_DIR}\" BUILD_ROOT=\"${BUILD_ROOT}\"\n\n\n# Step 2. Create universal binary file using lipo\nlipo -create -output \"${UNIVERSAL_OUTPUTFOLDER}/${CONFIGURATION}/${OUT_LIB_NAME}.a\" \"${BUILD_DIR}/${CONFIGURATION}-iphoneos/${LIB_NAME}.a\" \"${BUILD_DIR}/${CONFIGURATION}-iphonesimulator/${LIB_NAME}.a\"\n\n# Last touch. copy the header files. Just for convenience\ncp \"${BUILD_DIR}/../libguidoar/libguidoar.h\" \"${UNIVERSAL_OUTPUTFOLDER}/\"";
		};
		EB929B588EA241B38E258765 /* CMake Rules */ = {
			isa = PBXShellScriptBuildPhase;
			buildActionMask = 2147483647;
			files = (
			);
			name = "CMake Rules";
			runOnlyForDeploymentPostprocessing = 0;
			shellPath = /bin/sh;
			shellScript = "make -C /Users/acont/Devs/MyFlextProjects/guidolib-guidoar/XCode -f /Users/acont/Devs/MyFlextProjects/guidolib-guidoar/XCode/CMakeScripts/ALL_BUILD_cmakeRulesBuildPhase.make$CONFIGURATION all";
			showEnvVarsInLog = 0;
		};
		FA8B6DD70DF84FE5B3621C7B /* CMake Rules */ = {
			isa = PBXShellScriptBuildPhase;
			buildActionMask = 2147483647;
			files = (
			);
			name = "CMake Rules";
			runOnlyForDeploymentPostprocessing = 0;
			shellPath = /bin/sh;
			shellScript = "make -C /Users/acont/Devs/MyFlextProjects/guidolib-guidoar/XCode -f /Users/acont/Devs/MyFlextProjects/guidolib-guidoar/XCode/CMakeScripts/ZERO_CHECK_cmakeRulesBuildPhase.make$CONFIGURATION all";
			showEnvVarsInLog = 0;
		};
/* End PBXShellScriptBuildPhase section */

/* Begin PBXSourcesBuildPhase section */
		2F955967AE1B4BE5949E60CC /* Sources */ = {
			isa = PBXSourcesBuildPhase;
			buildActionMask = 2147483647;
			files = (
				D55DCE1041164808BF9B8AAE /* libguidoar.mm in Sources */,
				5130FF6C8E6D4A6AA271DD26 /* ARChord.cpp in Sources */,
				49E525A21EFA4177A5C2AB98 /* ARFactory.cpp in Sources */,
				1F0416BCC2C44BC0B03E5E00 /* ARNote.cpp in Sources */,
				3E854F9D01BF4210B6F66471 /* AROthers.cpp in Sources */,
				24F9C0D1333F424AA126E82D /* ARTag.cpp in Sources */,
				D89DC7E60F674CACB4B954D2 /* guidoelement.cpp in Sources */,
				E7879C427BB3486CA0F4516E /* libguidoar.cpp in Sources */,
				DDBEED9CAD6447628673C98E /* rational.cpp in Sources */,
				67D3B79E8587464F8EF34779 /* streambeautifuller.cpp in Sources */,
				CC9558E6BC8643999200DCF2 /* midiconverter.cpp in Sources */,
				A35F2AC903424092B662B446 /* bottomOperation.cpp in Sources */,
				5DD782AEF6794424A17EE352 /* clefchangeOperation.cpp in Sources */,
				7F22D9A58EF340D8A9426C27 /* durationOperation.cpp in Sources */,
				A9C3DC088D0F456B98D6852B /* eheadOperation.cpp in Sources */,
				98842FD80C904D8EBA33D63F /* etailOperation.cpp in Sources */,
				7186D7C41DAF488C8517F4B6 /* headOperation.cpp in Sources */,
				99706688EE2347279D67F22B /* interleaveOperation.cpp in Sources */,
				958ED4AC0B1A46D68954B204 /* markers.cpp in Sources */,
				614B02E4440B45DA828B6577 /* mirrorOperation.cpp in Sources */,
				0CAA8D07472142C4B6FF2894 /* normalizeOperation.cpp in Sources */,
				F898297785DF4BE79ACCB150 /* parOperation.cpp in Sources */,
				511EF25A759D4785BFD2C8B3 /* pitchApplyOperation.cpp in Sources */,
				1B1D19322A584E71A1EB244F /* rythmApplyOperation.cpp in Sources */,
				7CA04B4416F94A3AB0DCCA5C /* seqOperation.cpp in Sources */,
				99A788800DAC4F22ACB47F14 /* tailOperation.cpp in Sources */,
				D3CE08D4CE1D42578B97BE1B /* topOperation.cpp in Sources */,
				FF8B9F342AEB4B8284F4B9D3 /* transposeOperation.cpp in Sources */,
				55AA128B997349D99133C7CB /* guidoparser.cpp in Sources */,
				74FB99533BE84940832E79CF /* parser.cpp in Sources */,
				17FAAA1EB054484A99B00BF5 /* clonevisitor.cpp in Sources */,
				7E9EC0DA17454EACB9F0778F /* counteventsvisitor.cpp in Sources */,
				3D1A48D7394444A89EF1B98A /* durationvisitor.cpp in Sources */,
				FD5A5BDF465F409F8FA22405 /* event2timevisitor.cpp in Sources */,
				A3E6F39A371C4D38BA1903D7 /* firstpitchvisitor.cpp in Sources */,
				92FFD636963843F7A861AA92 /* gmnvisitor.cpp in Sources */,
				F896A22C5AFD4F769FD6F1D8 /* midicontextvisitor.cpp in Sources */,
				B3C7FD6D5D65441E8D8FC911 /* pitchvisitor.cpp in Sources */,
				24F4BAFC530245EF8B22E69F /* rythmvisitor.cpp in Sources */,
				C6FB642A41844E6AA2795A08 /* unrolled_guido_browser.cpp in Sources */,
			);
			runOnlyForDeploymentPostprocessing = 0;
		};
/* End PBXSourcesBuildPhase section */

/* Begin PBXTargetDependency section */
		2D11C0236305438AA804E0E7 /* PBXTargetDependency */ = {
			isa = PBXTargetDependency;
			target = 0F6F5C20A3464FB2BA1723E0 /* guidoar */;
			targetProxy = C965159D5683453D98BF5F99 /* PBXContainerItemProxy */;
		};
		E427BA2E16694F1AA32CAB1D /* PBXTargetDependency */ = {
			isa = PBXTargetDependency;
			target = 776B8EB7A1C84AA49F70C447 /* ZERO_CHECK */;
			targetProxy = 4079CEBA56D8456A84843D8C /* PBXContainerItemProxy */;
		};
		E8048A3AC153453EB3638A7F /* PBXTargetDependency */ = {
			isa = PBXTargetDependency;
			target = 776B8EB7A1C84AA49F70C447 /* ZERO_CHECK */;
			targetProxy = F4AD23437F7F4C7FAB7F5D79 /* PBXContainerItemProxy */;
		};
/* End PBXTargetDependency section */

/* Begin XCBuildConfiguration section */
		02E7E689D6DF463384755359 /* Debug */ = {
			isa = XCBuildConfiguration;
			buildSettings = {
				ARCHS = (
					arm64,
					armv7,
					armv7s,
				);
				IPHONEOS_DEPLOYMENT_TARGET = 9.3;
				MACOSX_DEPLOYMENT_TARGET = 10.11;
				SDKROOT = iphoneos;
				SYMROOT = "/Users/acont/Devs/MyFlextProjects/guidolib-guidoar/XCode/build";
			};
			name = Debug;
		};
		5EC21E9A24614663B7BA164F /* Release */ = {
			isa = XCBuildConfiguration;
			buildSettings = {
				ARCHS = (
					arm64,
					armv7,
					armv7s,
				);
				COMBINE_HIDPI_IMAGES = YES;
				EXECUTABLE_PREFIX = lib;
				EXECUTABLE_SUFFIX = .a;
				GCC_GENERATE_DEBUGGING_SYMBOLS = NO;
				GCC_INLINES_ARE_PRIVATE_EXTERN = NO;
				GCC_OPTIMIZATION_LEVEL = 3;
				GCC_PREPROCESSOR_DEFINITIONS = (
					"'CMAKE_INTDIR=\"$(CONFIGURATION)$(EFFECTIVE_PLATFORM_NAME)\"'",
					GCC,
					APPLE,
				);
				GCC_SYMBOLS_PRIVATE_EXTERN = NO;
				HEADER_SEARCH_PATHS = (
					"/Users/acont/Devs/MyFlextProjects/guidolib-guidoar/XCode/../src/interface",
					"/Users/acont/Devs/MyFlextProjects/guidolib-guidoar/XCode/../src/guido",
					"/Users/acont/Devs/MyFlextProjects/guidolib-guidoar/XCode/../src/guido/abstract",
					"/Users/acont/Devs/MyFlextProjects/guidolib-guidoar/XCode/../src/lib",
					"/Users/acont/Devs/MyFlextProjects/guidolib-guidoar/XCode/../src/operations",
					"/Users/acont/Devs/MyFlextProjects/guidolib-guidoar/XCode/../src/visitors",
					"/Users/acont/Devs/MyFlextProjects/guidolib-guidoar/XCode/../src/midi",
					"/Users/acont/Devs/MyFlextProjects/guidolib-guidoar/XCode/../src/parser",
					"/Users/acont/Devs/MyFlextProjects/guidolib-guidoar/XCode/../src/midisharelight",
				);
				INSTALL_PATH = "";
				LIBRARY_STYLE = STATIC;
				ONLY_ACTIVE_ARCH = NO;
				OTHER_CPLUSPLUSFLAGS = (
					"-DGUIDOAR_EXPORTS",
					"-stdlib=libc++",
					"-DNDEBUG",
					"-Wall",
				);
				OTHER_LIBTOOLFLAGS = " ";
				OTHER_REZFLAGS = "";
				PRODUCT_NAME = guidoar;
				SECTORDER_FLAGS = "";
				SYMROOT = "/Users/acont/Devs/MyFlextProjects/guidolib-guidoar/XCode/build";
				USE_HEADERMAP = NO;
				WARNING_CFLAGS = (
					"-Wmost",
					"-Wno-four-char-constants",
					"-Wno-unknown-pragmas",
					"$(inherited)",
				);
			};
			name = Release;
		};
		72B89B762639440DACFF55B9 /* Debug */ = {
			isa = XCBuildConfiguration;
			buildSettings = {
				ARCHS = (
					arm64,
					armv7,
					armv7s,
				);
				COMBINE_HIDPI_IMAGES = YES;
				EXECUTABLE_PREFIX = lib;
				EXECUTABLE_SUFFIX = .a;
				GCC_GENERATE_DEBUGGING_SYMBOLS = YES;
				GCC_INLINES_ARE_PRIVATE_EXTERN = NO;
				GCC_OPTIMIZATION_LEVEL = 0;
				GCC_PREPROCESSOR_DEFINITIONS = (
					"'CMAKE_INTDIR=\"$(CONFIGURATION)$(EFFECTIVE_PLATFORM_NAME)\"'",
					GCC,
					APPLE,
				);
				GCC_SYMBOLS_PRIVATE_EXTERN = NO;
				HEADER_SEARCH_PATHS = (
					"/Users/acont/Devs/MyFlextProjects/guidolib-guidoar/XCode/../src/interface",
					"/Users/acont/Devs/MyFlextProjects/guidolib-guidoar/XCode/../src/guido",
					"/Users/acont/Devs/MyFlextProjects/guidolib-guidoar/XCode/../src/guido/abstract",
					"/Users/acont/Devs/MyFlextProjects/guidolib-guidoar/XCode/../src/lib",
					"/Users/acont/Devs/MyFlextProjects/guidolib-guidoar/XCode/../src/operations",
					"/Users/acont/Devs/MyFlextProjects/guidolib-guidoar/XCode/../src/visitors",
					"/Users/acont/Devs/MyFlextProjects/guidolib-guidoar/XCode/../src/midi",
					"/Users/acont/Devs/MyFlextProjects/guidolib-guidoar/XCode/../src/parser",
					"/Users/acont/Devs/MyFlextProjects/guidolib-guidoar/XCode/../src/midisharelight",
				);
				INSTALL_PATH = "";
				LIBRARY_STYLE = STATIC;
				ONLY_ACTIVE_ARCH = NO;
				OTHER_CPLUSPLUSFLAGS = (
					"-DGUIDOAR_EXPORTS",
					"-stdlib=libc++",
					"-Wall",
				);
				OTHER_LIBTOOLFLAGS = " ";
				OTHER_REZFLAGS = "";
				PRODUCT_NAME = guidoar;
				SECTORDER_FLAGS = "";
				SYMROOT = "/Users/acont/Devs/MyFlextProjects/guidolib-guidoar/XCode/build";
				USE_HEADERMAP = NO;
				WARNING_CFLAGS = (
					"-Wmost",
					"-Wno-four-char-constants",
					"-Wno-unknown-pragmas",
					"$(inherited)",
				);
			};
			name = Debug;
		};
		B5FBE49595EF4C8AA412A492 /* Release */ = {
			isa = XCBuildConfiguration;
			buildSettings = {
				COMBINE_HIDPI_IMAGES = YES;
				GCC_GENERATE_DEBUGGING_SYMBOLS = YES;
				GCC_INLINES_ARE_PRIVATE_EXTERN = NO;
				GCC_OPTIMIZATION_LEVEL = 0;
				GCC_PREPROCESSOR_DEFINITIONS = "'CMAKE_INTDIR=\"$(CONFIGURATION)$(EFFECTIVE_PLATFORM_NAME)\"'";
				GCC_SYMBOLS_PRIVATE_EXTERN = NO;
				HEADER_SEARCH_PATHS = (
					"/Users/acont/Devs/MyFlextProjects/guidolib-guidoar/XCode/../src/interface",
					"/Users/acont/Devs/MyFlextProjects/guidolib-guidoar/XCode/../src/guido",
					"/Users/acont/Devs/MyFlextProjects/guidolib-guidoar/XCode/../src/guido/abstract",
					"/Users/acont/Devs/MyFlextProjects/guidolib-guidoar/XCode/../src/lib",
					"/Users/acont/Devs/MyFlextProjects/guidolib-guidoar/XCode/../src/operations",
					"/Users/acont/Devs/MyFlextProjects/guidolib-guidoar/XCode/../src/visitors",
					"/Users/acont/Devs/MyFlextProjects/guidolib-guidoar/XCode/../src/midi",
					"/Users/acont/Devs/MyFlextProjects/guidolib-guidoar/XCode/../src/parser",
					"/Users/acont/Devs/MyFlextProjects/guidolib-guidoar/XCode/../src/midisharelight",
				);
				INSTALL_PATH = "";
				OTHER_LDFLAGS = " ";
				OTHER_REZFLAGS = "";
				PRODUCT_NAME = ALL_BUILD;
				SECTORDER_FLAGS = "";
				SYMROOT = "/Users/acont/Devs/MyFlextProjects/guidolib-guidoar/XCode";
				USE_HEADERMAP = NO;
				WARNING_CFLAGS = (
					"-Wmost",
					"-Wno-four-char-constants",
					"-Wno-unknown-pragmas",
					"$(inherited)",
				);
			};
			name = Release;
		};
		C6267C644B374BFEB613729B /* Release */ = {
			isa = XCBuildConfiguration;
			buildSettings = {
				COMBINE_HIDPI_IMAGES = YES;
				GCC_GENERATE_DEBUGGING_SYMBOLS = YES;
				GCC_INLINES_ARE_PRIVATE_EXTERN = NO;
				GCC_OPTIMIZATION_LEVEL = 0;
				GCC_PREPROCESSOR_DEFINITIONS = "'CMAKE_INTDIR=\"$(CONFIGURATION)$(EFFECTIVE_PLATFORM_NAME)\"'";
				GCC_SYMBOLS_PRIVATE_EXTERN = NO;
				HEADER_SEARCH_PATHS = (
					"/Users/acont/Devs/MyFlextProjects/guidolib-guidoar/XCode/../src/interface",
					"/Users/acont/Devs/MyFlextProjects/guidolib-guidoar/XCode/../src/guido",
					"/Users/acont/Devs/MyFlextProjects/guidolib-guidoar/XCode/../src/guido/abstract",
					"/Users/acont/Devs/MyFlextProjects/guidolib-guidoar/XCode/../src/lib",
					"/Users/acont/Devs/MyFlextProjects/guidolib-guidoar/XCode/../src/operations",
					"/Users/acont/Devs/MyFlextProjects/guidolib-guidoar/XCode/../src/visitors",
					"/Users/acont/Devs/MyFlextProjects/guidolib-guidoar/XCode/../src/midi",
					"/Users/acont/Devs/MyFlextProjects/guidolib-guidoar/XCode/../src/parser",
					"/Users/acont/Devs/MyFlextProjects/guidolib-guidoar/XCode/../src/midisharelight",
				);
				INSTALL_PATH = "";
				OTHER_LDFLAGS = " ";
				OTHER_REZFLAGS = "";
				PRODUCT_NAME = ZERO_CHECK;
				SECTORDER_FLAGS = "";
				SYMROOT = "/Users/acont/Devs/MyFlextProjects/guidolib-guidoar/XCode/build";
				USE_HEADERMAP = NO;
				WARNING_CFLAGS = (
					"-Wmost",
					"-Wno-four-char-constants",
					"-Wno-unknown-pragmas",
					"$(inherited)",
				);
			};
			name = Release;
		};
		CF698B151E4DD8C500827520 /* Debug */ = {
			isa = XCBuildConfiguration;
			buildSettings = {
				DEVELOPMENT_TEAM = SAE7K79844;
				PRODUCT_NAME = "$(TARGET_NAME)";
			};
			name = Debug;
		};
		CF698B161E4DD8C500827520 /* Release */ = {
			isa = XCBuildConfiguration;
			buildSettings = {
				DEVELOPMENT_TEAM = SAE7K79844;
				PRODUCT_NAME = "$(TARGET_NAME)";
			};
			name = Release;
		};
		D10C185811CA432A90F2D320 /* Release */ = {
			isa = XCBuildConfiguration;
			buildSettings = {
				ARCHS = (
					arm64,
					armv7,
					armv7s,
				);
				IPHONEOS_DEPLOYMENT_TARGET = 9.3;
				MACOSX_DEPLOYMENT_TARGET = 10.11;
				SDKROOT = iphoneos;
				SYMROOT = "/Users/acont/Devs/MyFlextProjects/guidolib-guidoar/XCode/build";
			};
			name = Release;
		};
		D9E0257A7BF04DCBAF960CBC /* Debug */ = {
			isa = XCBuildConfiguration;
			buildSettings = {
				COMBINE_HIDPI_IMAGES = YES;
				GCC_GENERATE_DEBUGGING_SYMBOLS = YES;
				GCC_INLINES_ARE_PRIVATE_EXTERN = NO;
				GCC_OPTIMIZATION_LEVEL = 0;
				GCC_PREPROCESSOR_DEFINITIONS = "'CMAKE_INTDIR=\"$(CONFIGURATION)$(EFFECTIVE_PLATFORM_NAME)\"'";
				GCC_SYMBOLS_PRIVATE_EXTERN = NO;
				HEADER_SEARCH_PATHS = (
					"/Users/acont/Devs/MyFlextProjects/guidolib-guidoar/XCode/../src/interface",
					"/Users/acont/Devs/MyFlextProjects/guidolib-guidoar/XCode/../src/guido",
					"/Users/acont/Devs/MyFlextProjects/guidolib-guidoar/XCode/../src/guido/abstract",
					"/Users/acont/Devs/MyFlextProjects/guidolib-guidoar/XCode/../src/lib",
					"/Users/acont/Devs/MyFlextProjects/guidolib-guidoar/XCode/../src/operations",
					"/Users/acont/Devs/MyFlextProjects/guidolib-guidoar/XCode/../src/visitors",
					"/Users/acont/Devs/MyFlextProjects/guidolib-guidoar/XCode/../src/midi",
					"/Users/acont/Devs/MyFlextProjects/guidolib-guidoar/XCode/../src/parser",
					"/Users/acont/Devs/MyFlextProjects/guidolib-guidoar/XCode/../src/midisharelight",
				);
				INSTALL_PATH = "";
				OTHER_LDFLAGS = " ";
				OTHER_REZFLAGS = "";
				PRODUCT_NAME = ALL_BUILD;
				SECTORDER_FLAGS = "";
				SYMROOT = "/Users/acont/Devs/MyFlextProjects/guidolib-guidoar/XCode";
				USE_HEADERMAP = NO;
				WARNING_CFLAGS = (
					"-Wmost",
					"-Wno-four-char-constants",
					"-Wno-unknown-pragmas",
					"$(inherited)",
				);
			};
			name = Debug;
		};
		FE394E2F579646E6AB959412 /* Debug */ = {
			isa = XCBuildConfiguration;
			buildSettings = {
				COMBINE_HIDPI_IMAGES = YES;
				GCC_GENERATE_DEBUGGING_SYMBOLS = YES;
				GCC_INLINES_ARE_PRIVATE_EXTERN = NO;
				GCC_OPTIMIZATION_LEVEL = 0;
				GCC_PREPROCESSOR_DEFINITIONS = "'CMAKE_INTDIR=\"$(CONFIGURATION)$(EFFECTIVE_PLATFORM_NAME)\"'";
				GCC_SYMBOLS_PRIVATE_EXTERN = NO;
				HEADER_SEARCH_PATHS = (
					"/Users/acont/Devs/MyFlextProjects/guidolib-guidoar/XCode/../src/interface",
					"/Users/acont/Devs/MyFlextProjects/guidolib-guidoar/XCode/../src/guido",
					"/Users/acont/Devs/MyFlextProjects/guidolib-guidoar/XCode/../src/guido/abstract",
					"/Users/acont/Devs/MyFlextProjects/guidolib-guidoar/XCode/../src/lib",
					"/Users/acont/Devs/MyFlextProjects/guidolib-guidoar/XCode/../src/operations",
					"/Users/acont/Devs/MyFlextProjects/guidolib-guidoar/XCode/../src/visitors",
					"/Users/acont/Devs/MyFlextProjects/guidolib-guidoar/XCode/../src/midi",
					"/Users/acont/Devs/MyFlextProjects/guidolib-guidoar/XCode/../src/parser",
					"/Users/acont/Devs/MyFlextProjects/guidolib-guidoar/XCode/../src/midisharelight",
				);
				INSTALL_PATH = "";
				OTHER_LDFLAGS = " ";
				OTHER_REZFLAGS = "";
				PRODUCT_NAME = ZERO_CHECK;
				SECTORDER_FLAGS = "";
				SYMROOT = "/Users/acont/Devs/MyFlextProjects/guidolib-guidoar/XCode/build";
				USE_HEADERMAP = NO;
				WARNING_CFLAGS = (
					"-Wmost",
					"-Wno-four-char-constants",
					"-Wno-unknown-pragmas",
					"$(inherited)",
				);
			};
			name = Debug;
		};
/* End XCBuildConfiguration section */

/* Begin XCConfigurationList section */
		2E2F7E61D78445F685AE86FB /* Build configuration list for PBXAggregateTarget "ZERO_CHECK" */ = {
			isa = XCConfigurationList;
			buildConfigurations = (
				FE394E2F579646E6AB959412 /* Debug */,
				C6267C644B374BFEB613729B /* Release */,
			);
			defaultConfigurationIsVisible = 0;
			defaultConfigurationName = Debug;
		};
		56E6C0445A734682A25C1A08 /* Build configuration list for PBXNativeTarget "guidoar" */ = {
			isa = XCConfigurationList;
			buildConfigurations = (
				72B89B762639440DACFF55B9 /* Debug */,
				5EC21E9A24614663B7BA164F /* Release */,
			);
			defaultConfigurationIsVisible = 0;
			defaultConfigurationName = Debug;
		};
		5B8ED7F9F8584C1F909A9AE1 /* Build configuration list for PBXProject "guidoar" */ = {
			isa = XCConfigurationList;
			buildConfigurations = (
				02E7E689D6DF463384755359 /* Debug */,
				D10C185811CA432A90F2D320 /* Release */,
			);
			defaultConfigurationIsVisible = 0;
			defaultConfigurationName = Debug;
		};
		CF698B141E4DD8C500827520 /* Build configuration list for PBXAggregateTarget "GuidoAR-Universal" */ = {
			isa = XCConfigurationList;
			buildConfigurations = (
				CF698B151E4DD8C500827520 /* Debug */,
				CF698B161E4DD8C500827520 /* Release */,
			);
			defaultConfigurationIsVisible = 0;
		};
		F6AF9528639743F196708C44 /* Build configuration list for PBXAggregateTarget "ALL_BUILD" */ = {
			isa = XCConfigurationList;
			buildConfigurations = (
				D9E0257A7BF04DCBAF960CBC /* Debug */,
				B5FBE49595EF4C8AA412A492 /* Release */,
			);
			defaultConfigurationIsVisible = 0;
			defaultConfigurationName = Debug;
		};
/* End XCConfigurationList section */
	};
	rootObject = 2AF3BD53CA6443BBB8EBC57A /* Project object */;
}
