// !$*UTF8*$!
{
	archiveVersion = 1;
	classes = {
	};
	objectVersion = 46;
	objects = {

/* Begin PBXAggregateTarget section */
		04FA54932C2342878B1CE3B4 /* ALL_BUILD */ = {
			isa = PBXAggregateTarget;
			buildConfigurationList = 99AE2A72EC9F4D32BBE552A1 /* Build configuration list for PBXAggregateTarget "ALL_BUILD" */;
			buildPhases = (
				AC513AD1EA1B47718C6C381E /* CMake Rules */,
			);
			dependencies = (
				F868D04E99A640B3A28F959A /* PBXTargetDependency */,
				2FF70B7E01E742CFBF18882C /* PBXTargetDependency */,
			);
			name = ALL_BUILD;
			productName = ALL_BUILD;
		};
		CFF4A1021D5B30DC0074EC34 /* GuidoAR-Universal */ = {
			isa = PBXAggregateTarget;
			buildConfigurationList = CFF4A1031D5B30DC0074EC34 /* Build configuration list for PBXAggregateTarget "GuidoAR-Universal" */;
			buildPhases = (
				CFF4A1061D5B30E80074EC34 /* ShellScript */,
			);
			dependencies = (
			);
			name = "GuidoAR-Universal";
			productName = "GuidoAR-Universal";
		};
		EACCF67FC39F4B85B88C95C7 /* ZERO_CHECK */ = {
			isa = PBXAggregateTarget;
			buildConfigurationList = 4FCC2D9872E84AA999BB5578 /* Build configuration list for PBXAggregateTarget "ZERO_CHECK" */;
			buildPhases = (
				23D81511034D40C5BB014363 /* CMake Rules */,
			);
			dependencies = (
			);
			name = ZERO_CHECK;
			productName = ZERO_CHECK;
		};
/* End PBXAggregateTarget section */

/* Begin PBXBuildFile section */
		0C244DFF87D1413A88183F32 /* durationvisitor.cpp in Sources */ = {isa = PBXBuildFile; fileRef = 71430F6F55494B11819BEA25 /* durationvisitor.cpp */; settings = {COMPILER_FLAGS = ""; }; };
		0F1DC749E90043D88B5FE577 /* normalizeOperation.cpp in Sources */ = {isa = PBXBuildFile; fileRef = C66CDF378A2245B8BB5E0B74 /* normalizeOperation.cpp */; settings = {COMPILER_FLAGS = ""; }; };
		18196E63581843518468F618 /* clonevisitor.cpp in Sources */ = {isa = PBXBuildFile; fileRef = F4C46DA9537646C1BCFF7EA0 /* clonevisitor.cpp */; settings = {COMPILER_FLAGS = ""; }; };
		1B0ECF16E06140EA877C422E /* midicontextvisitor.cpp in Sources */ = {isa = PBXBuildFile; fileRef = 5B24AD33FDE14B6DBD079F89 /* midicontextvisitor.cpp */; settings = {COMPILER_FLAGS = ""; }; };
		1B515E55B480449485BE0737 /* mirrorOperation.cpp in Sources */ = {isa = PBXBuildFile; fileRef = 3FFE9CCDF17E4E7B9824C2E8 /* mirrorOperation.cpp */; settings = {COMPILER_FLAGS = ""; }; };
		1E2BB8ADC42E4044A9C6313E /* counteventsvisitor.cpp in Sources */ = {isa = PBXBuildFile; fileRef = 6599B4ED1D3C4E96AAEBFB30 /* counteventsvisitor.cpp */; settings = {COMPILER_FLAGS = ""; }; };
		2214138F69774D8B87F06CF3 /* pitchApplyOperation.cpp in Sources */ = {isa = PBXBuildFile; fileRef = F8D073A628E84B1296DEAAB1 /* pitchApplyOperation.cpp */; settings = {COMPILER_FLAGS = ""; }; };
		2B9047A7F9734FC883457DE4 /* eheadOperation.cpp in Sources */ = {isa = PBXBuildFile; fileRef = E5B9AB55AF3B4B1FBB274D8B /* eheadOperation.cpp */; settings = {COMPILER_FLAGS = ""; }; };
		2C2E6564F07C4317AC0D7DB5 /* rythmvisitor.cpp in Sources */ = {isa = PBXBuildFile; fileRef = D738EE20394541B2AB959515 /* rythmvisitor.cpp */; settings = {COMPILER_FLAGS = ""; }; };
		3343B326B4744FEFA0939296 /* parser.cpp in Sources */ = {isa = PBXBuildFile; fileRef = EA462BF8A6CE4C2799728CD9 /* parser.cpp */; settings = {COMPILER_FLAGS = ""; }; };
		367E41A3C46E4F4DBBCCCF9A /* rythmApplyOperation.cpp in Sources */ = {isa = PBXBuildFile; fileRef = 0FA7A1545B3A47C48C9916C6 /* rythmApplyOperation.cpp */; settings = {COMPILER_FLAGS = ""; }; };
		37EA1BCAA6CE4FDD8459A0A8 /* pitchvisitor.cpp in Sources */ = {isa = PBXBuildFile; fileRef = A3F77C99F37846FDB5448D1B /* pitchvisitor.cpp */; settings = {COMPILER_FLAGS = ""; }; };
		415856FA58084DE4BCF566E3 /* guidoparser.cpp in Sources */ = {isa = PBXBuildFile; fileRef = CEFA24AF3D6A439D9EA56115 /* guidoparser.cpp */; settings = {COMPILER_FLAGS = ""; }; };
		51C32956DAF9463390574965 /* markers.cpp in Sources */ = {isa = PBXBuildFile; fileRef = A506E2F3CD2D43FABE7BB683 /* markers.cpp */; settings = {COMPILER_FLAGS = ""; }; };
		5BEDAB8BB6724B3A959A752B /* gmnvisitor.cpp in Sources */ = {isa = PBXBuildFile; fileRef = 47542D60ED0A486EA0A7858B /* gmnvisitor.cpp */; settings = {COMPILER_FLAGS = ""; }; };
		5C4B1D0AE6254BF9A1CD4443 /* ARTag.cpp in Sources */ = {isa = PBXBuildFile; fileRef = C089BA230005425DADDC2F40 /* ARTag.cpp */; settings = {COMPILER_FLAGS = ""; }; };
		6DF3085566A4432DA677C4E4 /* rational.cpp in Sources */ = {isa = PBXBuildFile; fileRef = 6641F4BF331A4BBABA18BAE2 /* rational.cpp */; settings = {COMPILER_FLAGS = ""; }; };
		74D6DDC3A2EA44E48BE2DC24 /* firstpitchvisitor.cpp in Sources */ = {isa = PBXBuildFile; fileRef = E6DA4907FFEA41C1B8B90F74 /* firstpitchvisitor.cpp */; settings = {COMPILER_FLAGS = ""; }; };
		7DA0A17B8138409D97B38644 /* seqOperation.cpp in Sources */ = {isa = PBXBuildFile; fileRef = 7086E417D7204F60A6BDB4A5 /* seqOperation.cpp */; settings = {COMPILER_FLAGS = ""; }; };
		7E757DC9D2EF478DBAC343F4 /* bottomOperation.cpp in Sources */ = {isa = PBXBuildFile; fileRef = D6970C03849C4E458DDC68AE /* bottomOperation.cpp */; settings = {COMPILER_FLAGS = ""; }; };
		81CCFADECC0248D7BE37DDD5 /* tailOperation.cpp in Sources */ = {isa = PBXBuildFile; fileRef = 17C90D5706BF442A8871001E /* tailOperation.cpp */; settings = {COMPILER_FLAGS = ""; }; };
		83B20EA43A344D859E18195A /* interleaveOperation.cpp in Sources */ = {isa = PBXBuildFile; fileRef = 5983990091AF464A9C1CF436 /* interleaveOperation.cpp */; settings = {COMPILER_FLAGS = ""; }; };
		871F3F9046C84567B25AC5DF /* AROthers.cpp in Sources */ = {isa = PBXBuildFile; fileRef = 3CF66BE329E2449EA935B8A3 /* AROthers.cpp */; settings = {COMPILER_FLAGS = ""; }; };
		872FDB8A856E4326A1980284 /* transposeOperation.cpp in Sources */ = {isa = PBXBuildFile; fileRef = 7F842AE450294F9FBD3A9FFB /* transposeOperation.cpp */; settings = {COMPILER_FLAGS = ""; }; };
		89D46D69CD33461C8D6A8BAD /* guidoelement.cpp in Sources */ = {isa = PBXBuildFile; fileRef = CBBAA37A73AC4D34928C21CB /* guidoelement.cpp */; settings = {COMPILER_FLAGS = ""; }; };
		8E53CB04701E4D8B97707557 /* parOperation.cpp in Sources */ = {isa = PBXBuildFile; fileRef = 6BC6BB21AC144A6E87165976 /* parOperation.cpp */; settings = {COMPILER_FLAGS = ""; }; };
		9F0D15588E7047A98232B9C4 /* ARChord.cpp in Sources */ = {isa = PBXBuildFile; fileRef = 76036877F44A4B05825A28E7 /* ARChord.cpp */; settings = {COMPILER_FLAGS = ""; }; };
		A387199B882040C1865C846E /* headOperation.cpp in Sources */ = {isa = PBXBuildFile; fileRef = CCBBC2273D2F47F08D24C3CB /* headOperation.cpp */; settings = {COMPILER_FLAGS = ""; }; };
		A6C6ACF8E0184F328100587C /* etailOperation.cpp in Sources */ = {isa = PBXBuildFile; fileRef = F49FD20DCC7F4C4BAFB1D0E6 /* etailOperation.cpp */; settings = {COMPILER_FLAGS = ""; }; };
		A9C7CF7876CC4A8C8EAF1EB4 /* streambeautifuller.cpp in Sources */ = {isa = PBXBuildFile; fileRef = BB0A24D34E42439DB6713B2F /* streambeautifuller.cpp */; settings = {COMPILER_FLAGS = ""; }; };
		B0C7FD2162074EAC9FFF62A2 /* ARNote.cpp in Sources */ = {isa = PBXBuildFile; fileRef = B3E280E735844CDAB0A16090 /* ARNote.cpp */; settings = {COMPILER_FLAGS = ""; }; };
		BC0C086782D244CFAB1D94F9 /* event2timevisitor.cpp in Sources */ = {isa = PBXBuildFile; fileRef = 11BFBE6E205B4B54BAD06C4C /* event2timevisitor.cpp */; settings = {COMPILER_FLAGS = ""; }; };
		C04714BC4EA64EB4B21D19E5 /* unrolled_guido_browser.cpp in Sources */ = {isa = PBXBuildFile; fileRef = 4AF440CA8FA94675B56FD929 /* unrolled_guido_browser.cpp */; settings = {COMPILER_FLAGS = ""; }; };
		C4F9D4499A0D4E53AEA6F8E2 /* durationOperation.cpp in Sources */ = {isa = PBXBuildFile; fileRef = 2CE96EF87FAA444CBB3646EE /* durationOperation.cpp */; settings = {COMPILER_FLAGS = ""; }; };
		CCCC87D55E56463E97AE6B08 /* topOperation.cpp in Sources */ = {isa = PBXBuildFile; fileRef = DCB0B60B340244BB8DAD6259 /* topOperation.cpp */; settings = {COMPILER_FLAGS = ""; }; };
		CFF4A1011D5B309C0074EC34 /* libguidoar.mm in Sources */ = {isa = PBXBuildFile; fileRef = CFF4A1001D5B308B0074EC34 /* libguidoar.mm */; };
		EBF2AEAF546048C9B90C3672 /* libguidoar.cpp in Sources */ = {isa = PBXBuildFile; fileRef = B84D9A22D2354001A8760A5E /* libguidoar.cpp */; settings = {COMPILER_FLAGS = ""; }; };
		EE29EBB96C6D46A78D762584 /* midiconverter.cpp in Sources */ = {isa = PBXBuildFile; fileRef = 0B0B598E930A437896791C4E /* midiconverter.cpp */; settings = {COMPILER_FLAGS = ""; }; };
		F6FE956F3D7C48838B22F7F0 /* ARFactory.cpp in Sources */ = {isa = PBXBuildFile; fileRef = A0487E1E3F114D34B67F444D /* ARFactory.cpp */; settings = {COMPILER_FLAGS = ""; }; };
/* End PBXBuildFile section */

/* Begin PBXContainerItemProxy section */
		340CF6D311E44F27A4A335B3 /* PBXContainerItemProxy */ = {
			isa = PBXContainerItemProxy;
			containerPortal = EA4EA5A8CB9F47FF88E28417 /* Project object */;
			proxyType = 1;
			remoteGlobalIDString = C5FE21D752E14A71B7A8551D;
			remoteInfo = guidoar;
		};
		72E15C26FE1C4396B93468FF /* PBXContainerItemProxy */ = {
			isa = PBXContainerItemProxy;
			containerPortal = EA4EA5A8CB9F47FF88E28417 /* Project object */;
			proxyType = 1;
			remoteGlobalIDString = EACCF67FC39F4B85B88C95C7;
			remoteInfo = ZERO_CHECK;
		};
		914DCEDB31F04462890CD662 /* PBXContainerItemProxy */ = {
			isa = PBXContainerItemProxy;
			containerPortal = EA4EA5A8CB9F47FF88E28417 /* Project object */;
			proxyType = 1;
			remoteGlobalIDString = EACCF67FC39F4B85B88C95C7;
			remoteInfo = ZERO_CHECK;
		};
/* End PBXContainerItemProxy section */

/* Begin PBXFileReference section */
		0462612D0147493882280C61 /* parOperation.h */ = {isa = PBXFileReference; explicitFileType = sourcecode.c.h; fileEncoding = 4; name = parOperation.h; path = ../src/operations/parOperation.h; sourceTree = SOURCE_ROOT; };
		063633256E0545ED85EBF53C /* ARChord.h */ = {isa = PBXFileReference; explicitFileType = sourcecode.c.h; fileEncoding = 4; name = ARChord.h; path = ../src/guido/abstract/ARChord.h; sourceTree = SOURCE_ROOT; };
		0B0B598E930A437896791C4E /* midiconverter.cpp */ = {isa = PBXFileReference; explicitFileType = sourcecode.cpp.cpp; fileEncoding = 4; name = midiconverter.cpp; path = ../src/midi/midiconverter.cpp; sourceTree = SOURCE_ROOT; };
		0FA7A1545B3A47C48C9916C6 /* rythmApplyOperation.cpp */ = {isa = PBXFileReference; explicitFileType = sourcecode.cpp.cpp; fileEncoding = 4; name = rythmApplyOperation.cpp; path = ../src/operations/rythmApplyOperation.cpp; sourceTree = SOURCE_ROOT; };
		11BFBE6E205B4B54BAD06C4C /* event2timevisitor.cpp */ = {isa = PBXFileReference; explicitFileType = sourcecode.cpp.cpp; fileEncoding = 4; name = event2timevisitor.cpp; path = ../src/visitors/event2timevisitor.cpp; sourceTree = SOURCE_ROOT; };
		12B5CAE43D8F48AF8ACE2399 /* clonevisitor.h */ = {isa = PBXFileReference; explicitFileType = sourcecode.c.h; fileEncoding = 4; name = clonevisitor.h; path = ../src/visitors/clonevisitor.h; sourceTree = SOURCE_ROOT; };
		17C90D5706BF442A8871001E /* tailOperation.cpp */ = {isa = PBXFileReference; explicitFileType = sourcecode.cpp.cpp; fileEncoding = 4; name = tailOperation.cpp; path = ../src/operations/tailOperation.cpp; sourceTree = SOURCE_ROOT; };
		1F5EB5C4042743CE82547ECC /* singleton.h */ = {isa = PBXFileReference; explicitFileType = sourcecode.c.h; fileEncoding = 4; name = singleton.h; path = ../src/lib/singleton.h; sourceTree = SOURCE_ROOT; };
		214FF1C06BC94B1FB3D611BF /* pitchApplyOperation.h */ = {isa = PBXFileReference; explicitFileType = sourcecode.c.h; fileEncoding = 4; name = pitchApplyOperation.h; path = ../src/operations/pitchApplyOperation.h; sourceTree = SOURCE_ROOT; };
		27C4B5E9EB8C42279825ACF7 /* mirrorOperation.h */ = {isa = PBXFileReference; explicitFileType = sourcecode.c.h; fileEncoding = 4; name = mirrorOperation.h; path = ../src/operations/mirrorOperation.h; sourceTree = SOURCE_ROOT; };
		2CE96EF87FAA444CBB3646EE /* durationOperation.cpp */ = {isa = PBXFileReference; explicitFileType = sourcecode.cpp.cpp; fileEncoding = 4; name = durationOperation.cpp; path = ../src/operations/durationOperation.cpp; sourceTree = SOURCE_ROOT; };
		30BF70DDDCB04C04852F827B /* headOperation.h */ = {isa = PBXFileReference; explicitFileType = sourcecode.c.h; fileEncoding = 4; name = headOperation.h; path = ../src/operations/headOperation.h; sourceTree = SOURCE_ROOT; };
		3268B1FBEE2449B28E2EA01C /* guidotags.h */ = {isa = PBXFileReference; explicitFileType = sourcecode.c.h; fileEncoding = 4; name = guidotags.h; path = ../src/guido/guidotags.h; sourceTree = SOURCE_ROOT; };
		335E0CBB2B2B4313A02DC2AE /* midiconverter.h */ = {isa = PBXFileReference; explicitFileType = sourcecode.c.h; fileEncoding = 4; name = midiconverter.h; path = ../src/midi/midiconverter.h; sourceTree = SOURCE_ROOT; };
		3BCBD8E616244E76AFDA85F0 /* normalizeOperation.h */ = {isa = PBXFileReference; explicitFileType = sourcecode.c.h; fileEncoding = 4; name = normalizeOperation.h; path = ../src/operations/normalizeOperation.h; sourceTree = SOURCE_ROOT; };
		3CF66BE329E2449EA935B8A3 /* AROthers.cpp */ = {isa = PBXFileReference; explicitFileType = sourcecode.cpp.cpp; fileEncoding = 4; name = AROthers.cpp; path = ../src/guido/abstract/AROthers.cpp; sourceTree = SOURCE_ROOT; };
		3E0B9C0083D94DFEA1F46619 /* visitor.h */ = {isa = PBXFileReference; explicitFileType = sourcecode.c.h; fileEncoding = 4; name = visitor.h; path = ../src/visitors/visitor.h; sourceTree = SOURCE_ROOT; };
		3F1CA99EAE854368970BB9CA /* streambeautifuller.h */ = {isa = PBXFileReference; explicitFileType = sourcecode.c.h; fileEncoding = 4; name = streambeautifuller.h; path = ../src/lib/streambeautifuller.h; sourceTree = SOURCE_ROOT; };
		3FFE9CCDF17E4E7B9824C2E8 /* mirrorOperation.cpp */ = {isa = PBXFileReference; explicitFileType = sourcecode.cpp.cpp; fileEncoding = 4; name = mirrorOperation.cpp; path = ../src/operations/mirrorOperation.cpp; sourceTree = SOURCE_ROOT; };
		4185887634E14A6AADE3BC29 /* AROthers.h */ = {isa = PBXFileReference; explicitFileType = sourcecode.c.h; fileEncoding = 4; name = AROthers.h; path = ../src/guido/abstract/AROthers.h; sourceTree = SOURCE_ROOT; };
		428CA478E558447493E5E894 /* unrolled_guido_browser.h */ = {isa = PBXFileReference; explicitFileType = sourcecode.c.h; fileEncoding = 4; name = unrolled_guido_browser.h; path = ../src/visitors/unrolled_guido_browser.h; sourceTree = SOURCE_ROOT; };
		4337920ED5234869A9CEF4DB /* gmnvisitor.h */ = {isa = PBXFileReference; explicitFileType = sourcecode.c.h; fileEncoding = 4; name = gmnvisitor.h; path = ../src/visitors/gmnvisitor.h; sourceTree = SOURCE_ROOT; };
		47542D60ED0A486EA0A7858B /* gmnvisitor.cpp */ = {isa = PBXFileReference; explicitFileType = sourcecode.cpp.cpp; fileEncoding = 4; name = gmnvisitor.cpp; path = ../src/visitors/gmnvisitor.cpp; sourceTree = SOURCE_ROOT; };
		4876820DECF94BB0A3397DA9 /* durationvisitor.h */ = {isa = PBXFileReference; explicitFileType = sourcecode.c.h; fileEncoding = 4; name = durationvisitor.h; path = ../src/visitors/durationvisitor.h; sourceTree = SOURCE_ROOT; };
		4AF440CA8FA94675B56FD929 /* unrolled_guido_browser.cpp */ = {isa = PBXFileReference; explicitFileType = sourcecode.cpp.cpp; fileEncoding = 4; name = unrolled_guido_browser.cpp; path = ../src/visitors/unrolled_guido_browser.cpp; sourceTree = SOURCE_ROOT; };
		4F65F48E74A64D09B7A68456 /* visitable.h */ = {isa = PBXFileReference; explicitFileType = sourcecode.c.h; fileEncoding = 4; name = visitable.h; path = ../src/visitors/visitable.h; sourceTree = SOURCE_ROOT; };
		50E5CF32F6A64FB69E505BA6 /* eheadOperation.h */ = {isa = PBXFileReference; explicitFileType = sourcecode.c.h; fileEncoding = 4; name = eheadOperation.h; path = ../src/operations/eheadOperation.h; sourceTree = SOURCE_ROOT; };
		5983990091AF464A9C1CF436 /* interleaveOperation.cpp */ = {isa = PBXFileReference; explicitFileType = sourcecode.cpp.cpp; fileEncoding = 4; name = interleaveOperation.cpp; path = ../src/operations/interleaveOperation.cpp; sourceTree = SOURCE_ROOT; };
		5B24AD33FDE14B6DBD079F89 /* midicontextvisitor.cpp */ = {isa = PBXFileReference; explicitFileType = sourcecode.cpp.cpp; fileEncoding = 4; name = midicontextvisitor.cpp; path = ../src/visitors/midicontextvisitor.cpp; sourceTree = SOURCE_ROOT; };
		635792B747E942D2A1807FB9 /* operation.h */ = {isa = PBXFileReference; explicitFileType = sourcecode.c.h; fileEncoding = 4; name = operation.h; path = ../src/operations/operation.h; sourceTree = SOURCE_ROOT; };
		6599B4ED1D3C4E96AAEBFB30 /* counteventsvisitor.cpp */ = {isa = PBXFileReference; explicitFileType = sourcecode.cpp.cpp; fileEncoding = 4; name = counteventsvisitor.cpp; path = ../src/visitors/counteventsvisitor.cpp; sourceTree = SOURCE_ROOT; };
		6641F4BF331A4BBABA18BAE2 /* rational.cpp */ = {isa = PBXFileReference; explicitFileType = sourcecode.cpp.cpp; fileEncoding = 4; name = rational.cpp; path = ../src/lib/rational.cpp; sourceTree = SOURCE_ROOT; };
		68F5CC0121EE428E838B0166 /* libguidoar.a */ = {isa = PBXFileReference; explicitFileType = archive.ar; path = libguidoar.a; sourceTree = BUILT_PRODUCTS_DIR; };
		6BC6BB21AC144A6E87165976 /* parOperation.cpp */ = {isa = PBXFileReference; explicitFileType = sourcecode.cpp.cpp; fileEncoding = 4; name = parOperation.cpp; path = ../src/operations/parOperation.cpp; sourceTree = SOURCE_ROOT; };
		7086E417D7204F60A6BDB4A5 /* seqOperation.cpp */ = {isa = PBXFileReference; explicitFileType = sourcecode.cpp.cpp; fileEncoding = 4; name = seqOperation.cpp; path = ../src/operations/seqOperation.cpp; sourceTree = SOURCE_ROOT; };
		70CCBBE43CB24CD0A998248F /* tailOperation.h */ = {isa = PBXFileReference; explicitFileType = sourcecode.c.h; fileEncoding = 4; name = tailOperation.h; path = ../src/operations/tailOperation.h; sourceTree = SOURCE_ROOT; };
		71430F6F55494B11819BEA25 /* durationvisitor.cpp */ = {isa = PBXFileReference; explicitFileType = sourcecode.cpp.cpp; fileEncoding = 4; name = durationvisitor.cpp; path = ../src/visitors/durationvisitor.cpp; sourceTree = SOURCE_ROOT; };
		7237356A80E14281A81D3AB5 /* CMakeLists.txt */ = {isa = PBXFileReference; explicitFileType = sourcecode.text; fileEncoding = 4; lastKnownFileType = text; path = CMakeLists.txt; sourceTree = SOURCE_ROOT; };
		76036877F44A4B05825A28E7 /* ARChord.cpp */ = {isa = PBXFileReference; explicitFileType = sourcecode.cpp.cpp; fileEncoding = 4; name = ARChord.cpp; path = ../src/guido/abstract/ARChord.cpp; sourceTree = SOURCE_ROOT; };
		784CF30F1CFD4B23AF1D344E /* browser.h */ = {isa = PBXFileReference; explicitFileType = sourcecode.c.h; fileEncoding = 4; name = browser.h; path = ../src/lib/browser.h; sourceTree = SOURCE_ROOT; };
		7A09BFE9E6D84EB48A44C02B /* seqOperation.h */ = {isa = PBXFileReference; explicitFileType = sourcecode.c.h; fileEncoding = 4; name = seqOperation.h; path = ../src/operations/seqOperation.h; sourceTree = SOURCE_ROOT; };
		7D038CA09E79470B8FB0CF1E /* guidorational.h */ = {isa = PBXFileReference; explicitFileType = sourcecode.c.h; fileEncoding = 4; name = guidorational.h; path = ../src/interface/guidorational.h; sourceTree = SOURCE_ROOT; };
		7F842AE450294F9FBD3A9FFB /* transposeOperation.cpp */ = {isa = PBXFileReference; explicitFileType = sourcecode.cpp.cpp; fileEncoding = 4; name = transposeOperation.cpp; path = ../src/operations/transposeOperation.cpp; sourceTree = SOURCE_ROOT; };
		899953E4044B4B50A6A97C9B /* topOperation.h */ = {isa = PBXFileReference; explicitFileType = sourcecode.c.h; fileEncoding = 4; name = topOperation.h; path = ../src/operations/topOperation.h; sourceTree = SOURCE_ROOT; };
		8BC5186BE4214D9C84128F4D /* markers.h */ = {isa = PBXFileReference; explicitFileType = sourcecode.c.h; fileEncoding = 4; name = markers.h; path = ../src/operations/markers.h; sourceTree = SOURCE_ROOT; };
		8DAC759715DA4B02AC86E4A9 /* ARNote.h */ = {isa = PBXFileReference; explicitFileType = sourcecode.c.h; fileEncoding = 4; name = ARNote.h; path = ../src/guido/abstract/ARNote.h; sourceTree = SOURCE_ROOT; };
		923CA8C0F1EA4BCF8C9E7A50 /* ctree.h */ = {isa = PBXFileReference; explicitFileType = sourcecode.c.h; fileEncoding = 4; name = ctree.h; path = ../src/lib/ctree.h; sourceTree = SOURCE_ROOT; };
		9537BB37A4F54F439D515405 /* ARTag.h */ = {isa = PBXFileReference; explicitFileType = sourcecode.c.h; fileEncoding = 4; name = ARTag.h; path = ../src/guido/abstract/ARTag.h; sourceTree = SOURCE_ROOT; };
		96E346DC2C0843ECBF62876B /* interleaveOperation.h */ = {isa = PBXFileReference; explicitFileType = sourcecode.c.h; fileEncoding = 4; name = interleaveOperation.h; path = ../src/operations/interleaveOperation.h; sourceTree = SOURCE_ROOT; };
		9AC381BF2E8A4923A0BE5015 /* smartpointer.h */ = {isa = PBXFileReference; explicitFileType = sourcecode.c.h; fileEncoding = 4; name = smartpointer.h; path = ../src/lib/smartpointer.h; sourceTree = SOURCE_ROOT; };
		9D927D6B4EDD4D3A9461D8FC /* durationOperation.h */ = {isa = PBXFileReference; explicitFileType = sourcecode.c.h; fileEncoding = 4; name = durationOperation.h; path = ../src/operations/durationOperation.h; sourceTree = SOURCE_ROOT; };
		9DBC4B7E48CA41F59718A89E /* ARTypes.h */ = {isa = PBXFileReference; explicitFileType = sourcecode.c.h; fileEncoding = 4; name = ARTypes.h; path = ../src/guido/abstract/ARTypes.h; sourceTree = SOURCE_ROOT; };
		A00EF08854504CFBABFC7046 /* guidoparser.h */ = {isa = PBXFileReference; explicitFileType = sourcecode.c.h; fileEncoding = 4; name = guidoparser.h; path = ../src/parser/guidoparser.h; sourceTree = SOURCE_ROOT; };
		A0487E1E3F114D34B67F444D /* ARFactory.cpp */ = {isa = PBXFileReference; explicitFileType = sourcecode.cpp.cpp; fileEncoding = 4; name = ARFactory.cpp; path = ../src/guido/abstract/ARFactory.cpp; sourceTree = SOURCE_ROOT; };
		A3F77C99F37846FDB5448D1B /* pitchvisitor.cpp */ = {isa = PBXFileReference; explicitFileType = sourcecode.cpp.cpp; fileEncoding = 4; name = pitchvisitor.cpp; path = ../src/visitors/pitchvisitor.cpp; sourceTree = SOURCE_ROOT; };
		A4C6CF578FA94B398827D796 /* tree_browser.h */ = {isa = PBXFileReference; explicitFileType = sourcecode.c.h; fileEncoding = 4; name = tree_browser.h; path = ../src/lib/tree_browser.h; sourceTree = SOURCE_ROOT; };
		A506E2F3CD2D43FABE7BB683 /* markers.cpp */ = {isa = PBXFileReference; explicitFileType = sourcecode.cpp.cpp; fileEncoding = 4; name = markers.cpp; path = ../src/operations/markers.cpp; sourceTree = SOURCE_ROOT; };
		AD2B5DAC808C45D09A16274D /* bottomOperation.h */ = {isa = PBXFileReference; explicitFileType = sourcecode.c.h; fileEncoding = 4; name = bottomOperation.h; path = ../src/operations/bottomOperation.h; sourceTree = SOURCE_ROOT; };
		AE3CE04A72C94EC3AA850448 /* CMakeLists.txt */ = {isa = PBXFileReference; explicitFileType = sourcecode.text; fileEncoding = 4; lastKnownFileType = text; path = CMakeLists.txt; sourceTree = SOURCE_ROOT; };
		B284C12FF02845829C1F37A1 /* export.h */ = {isa = PBXFileReference; explicitFileType = sourcecode.c.h; fileEncoding = 4; name = export.h; path = ../src/interface/export.h; sourceTree = SOURCE_ROOT; };
		B3E280E735844CDAB0A16090 /* ARNote.cpp */ = {isa = PBXFileReference; explicitFileType = sourcecode.cpp.cpp; fileEncoding = 4; name = ARNote.cpp; path = ../src/guido/abstract/ARNote.cpp; sourceTree = SOURCE_ROOT; };
		B84D9A22D2354001A8760A5E /* libguidoar.cpp */ = {isa = PBXFileReference; explicitFileType = sourcecode.cpp.cpp; fileEncoding = 4; name = libguidoar.cpp; path = ../src/interface/libguidoar.cpp; sourceTree = SOURCE_ROOT; };
		B87ACAADC0DA4CD19CEE76FB /* transposeOperation.h */ = {isa = PBXFileReference; explicitFileType = sourcecode.c.h; fileEncoding = 4; name = transposeOperation.h; path = ../src/operations/transposeOperation.h; sourceTree = SOURCE_ROOT; };
		BB0A24D34E42439DB6713B2F /* streambeautifuller.cpp */ = {isa = PBXFileReference; explicitFileType = sourcecode.cpp.cpp; fileEncoding = 4; name = streambeautifuller.cpp; path = ../src/lib/streambeautifuller.cpp; sourceTree = SOURCE_ROOT; };
		BC28AF28960742E6BA6E2BB4 /* rythmApplyOperation.h */ = {isa = PBXFileReference; explicitFileType = sourcecode.c.h; fileEncoding = 4; name = rythmApplyOperation.h; path = ../src/operations/rythmApplyOperation.h; sourceTree = SOURCE_ROOT; };
		BCFE8FA27ED4473FB7CE51B9 /* etailOperation.h */ = {isa = PBXFileReference; explicitFileType = sourcecode.c.h; fileEncoding = 4; name = etailOperation.h; path = ../src/operations/etailOperation.h; sourceTree = SOURCE_ROOT; };
		C089BA230005425DADDC2F40 /* ARTag.cpp */ = {isa = PBXFileReference; explicitFileType = sourcecode.cpp.cpp; fileEncoding = 4; name = ARTag.cpp; path = ../src/guido/abstract/ARTag.cpp; sourceTree = SOURCE_ROOT; };
		C14218FD60A04929A07BBC89 /* pitchvisitor.h */ = {isa = PBXFileReference; explicitFileType = sourcecode.c.h; fileEncoding = 4; name = pitchvisitor.h; path = ../src/visitors/pitchvisitor.h; sourceTree = SOURCE_ROOT; };
		C36CAF57C3A14998AE6BB80E /* guidoelement.h */ = {isa = PBXFileReference; explicitFileType = sourcecode.c.h; fileEncoding = 4; name = guidoelement.h; path = ../src/guido/guidoelement.h; sourceTree = SOURCE_ROOT; };
		C66CDF378A2245B8BB5E0B74 /* normalizeOperation.cpp */ = {isa = PBXFileReference; explicitFileType = sourcecode.cpp.cpp; fileEncoding = 4; name = normalizeOperation.cpp; path = ../src/operations/normalizeOperation.cpp; sourceTree = SOURCE_ROOT; };
		CBBAA37A73AC4D34928C21CB /* guidoelement.cpp */ = {isa = PBXFileReference; explicitFileType = sourcecode.cpp.cpp; fileEncoding = 4; name = guidoelement.cpp; path = ../src/guido/guidoelement.cpp; sourceTree = SOURCE_ROOT; };
		CCBBC2273D2F47F08D24C3CB /* headOperation.cpp */ = {isa = PBXFileReference; explicitFileType = sourcecode.cpp.cpp; fileEncoding = 4; name = headOperation.cpp; path = ../src/operations/headOperation.cpp; sourceTree = SOURCE_ROOT; };
		CD3DD320EE544C73A6419420 /* libguidoar.h */ = {isa = PBXFileReference; explicitFileType = sourcecode.c.h; fileEncoding = 4; name = libguidoar.h; path = ../src/interface/libguidoar.h; sourceTree = SOURCE_ROOT; };
		CD42D54D9FE34862A8ACEE28 /* midicontextvisitor.h */ = {isa = PBXFileReference; explicitFileType = sourcecode.c.h; fileEncoding = 4; name = midicontextvisitor.h; path = ../src/visitors/midicontextvisitor.h; sourceTree = SOURCE_ROOT; };
		CEF5E7247AB54460932D8947 /* event2timevisitor.h */ = {isa = PBXFileReference; explicitFileType = sourcecode.c.h; fileEncoding = 4; name = event2timevisitor.h; path = ../src/visitors/event2timevisitor.h; sourceTree = SOURCE_ROOT; };
		CEFA24AF3D6A439D9EA56115 /* guidoparser.cpp */ = {isa = PBXFileReference; explicitFileType = sourcecode.cpp.cpp; fileEncoding = 4; name = guidoparser.cpp; path = ../src/parser/guidoparser.cpp; sourceTree = SOURCE_ROOT; };
		CFF4A0FF1D5B308B0074EC34 /* libguidoar.h */ = {isa = PBXFileReference; fileEncoding = 4; lastKnownFileType = sourcecode.c.h; path = libguidoar.h; sourceTree = "<group>"; };
		CFF4A1001D5B308B0074EC34 /* libguidoar.mm */ = {isa = PBXFileReference; fileEncoding = 4; lastKnownFileType = sourcecode.cpp.objcpp; path = libguidoar.mm; sourceTree = "<group>"; };
		D6970C03849C4E458DDC68AE /* bottomOperation.cpp */ = {isa = PBXFileReference; explicitFileType = sourcecode.cpp.cpp; fileEncoding = 4; name = bottomOperation.cpp; path = ../src/operations/bottomOperation.cpp; sourceTree = SOURCE_ROOT; };
		D738EE20394541B2AB959515 /* rythmvisitor.cpp */ = {isa = PBXFileReference; explicitFileType = sourcecode.cpp.cpp; fileEncoding = 4; name = rythmvisitor.cpp; path = ../src/visitors/rythmvisitor.cpp; sourceTree = SOURCE_ROOT; };
		D92050B835B64517A63E30A4 /* ARFactory.h */ = {isa = PBXFileReference; explicitFileType = sourcecode.c.h; fileEncoding = 4; name = ARFactory.h; path = ../src/guido/abstract/ARFactory.h; sourceTree = SOURCE_ROOT; };
		D9B00D7B65FC40B6969C93AF /* firstpitchvisitor.h */ = {isa = PBXFileReference; explicitFileType = sourcecode.c.h; fileEncoding = 4; name = firstpitchvisitor.h; path = ../src/visitors/firstpitchvisitor.h; sourceTree = SOURCE_ROOT; };
		DCB0B60B340244BB8DAD6259 /* topOperation.cpp */ = {isa = PBXFileReference; explicitFileType = sourcecode.cpp.cpp; fileEncoding = 4; name = topOperation.cpp; path = ../src/operations/topOperation.cpp; sourceTree = SOURCE_ROOT; };
		DF4742291C6745509BA9CE37 /* gmnreader.h */ = {isa = PBXFileReference; explicitFileType = sourcecode.c.h; fileEncoding = 4; name = gmnreader.h; path = ../src/parser/gmnreader.h; sourceTree = SOURCE_ROOT; };
		E3E21AE68651408A9BC6FF91 /* counteventsvisitor.h */ = {isa = PBXFileReference; explicitFileType = sourcecode.c.h; fileEncoding = 4; name = counteventsvisitor.h; path = ../src/visitors/counteventsvisitor.h; sourceTree = SOURCE_ROOT; };
		E5B9AB55AF3B4B1FBB274D8B /* eheadOperation.cpp */ = {isa = PBXFileReference; explicitFileType = sourcecode.cpp.cpp; fileEncoding = 4; name = eheadOperation.cpp; path = ../src/operations/eheadOperation.cpp; sourceTree = SOURCE_ROOT; };
		E6DA4907FFEA41C1B8B90F74 /* firstpitchvisitor.cpp */ = {isa = PBXFileReference; explicitFileType = sourcecode.cpp.cpp; fileEncoding = 4; name = firstpitchvisitor.cpp; path = ../src/visitors/firstpitchvisitor.cpp; sourceTree = SOURCE_ROOT; };
		EA358FFD64204797B908B636 /* rythmvisitor.h */ = {isa = PBXFileReference; explicitFileType = sourcecode.c.h; fileEncoding = 4; name = rythmvisitor.h; path = ../src/visitors/rythmvisitor.h; sourceTree = SOURCE_ROOT; };
		EA462BF8A6CE4C2799728CD9 /* parser.cpp */ = {isa = PBXFileReference; explicitFileType = sourcecode.cpp.cpp; fileEncoding = 4; name = parser.cpp; path = ../src/parser/parser.cpp; sourceTree = SOURCE_ROOT; };
		EBECF870197D4843A897370C /* CMakeLists.txt */ = {isa = PBXFileReference; explicitFileType = sourcecode.text; fileEncoding = 4; lastKnownFileType = text; path = CMakeLists.txt; sourceTree = SOURCE_ROOT; };
		EEBF9371EE5D4282A7D6CDF3 /* functor.h */ = {isa = PBXFileReference; explicitFileType = sourcecode.c.h; fileEncoding = 4; name = functor.h; path = ../src/lib/functor.h; sourceTree = SOURCE_ROOT; };
		F309A92FDA3E4A90B536A107 /* basevisitor.h */ = {isa = PBXFileReference; explicitFileType = sourcecode.c.h; fileEncoding = 4; name = basevisitor.h; path = ../src/visitors/basevisitor.h; sourceTree = SOURCE_ROOT; };
		F394B43529AC4B86A96B4D14 /* countvisitor.h */ = {isa = PBXFileReference; explicitFileType = sourcecode.c.h; fileEncoding = 4; name = countvisitor.h; path = ../src/visitors/countvisitor.h; sourceTree = SOURCE_ROOT; };
		F49FD20DCC7F4C4BAFB1D0E6 /* etailOperation.cpp */ = {isa = PBXFileReference; explicitFileType = sourcecode.cpp.cpp; fileEncoding = 4; name = etailOperation.cpp; path = ../src/operations/etailOperation.cpp; sourceTree = SOURCE_ROOT; };
		F4C46DA9537646C1BCFF7EA0 /* clonevisitor.cpp */ = {isa = PBXFileReference; explicitFileType = sourcecode.cpp.cpp; fileEncoding = 4; name = clonevisitor.cpp; path = ../src/visitors/clonevisitor.cpp; sourceTree = SOURCE_ROOT; };
		F50064921BE141A09753A8E3 /* ringvector.h */ = {isa = PBXFileReference; explicitFileType = sourcecode.c.h; fileEncoding = 4; name = ringvector.h; path = ../src/lib/ringvector.h; sourceTree = SOURCE_ROOT; };
		F8D073A628E84B1296DEAAB1 /* pitchApplyOperation.cpp */ = {isa = PBXFileReference; explicitFileType = sourcecode.cpp.cpp; fileEncoding = 4; name = pitchApplyOperation.cpp; path = ../src/operations/pitchApplyOperation.cpp; sourceTree = SOURCE_ROOT; };
/* End PBXFileReference section */

/* Begin PBXGroup section */
		4052C1199BBA4003B9F24A95 /* ZERO_CHECK */ = {
			isa = PBXGroup;
			children = (
				539F41F931214141BDC5D102 /* CMake Rules */,
				AE3CE04A72C94EC3AA850448 /* CMakeLists.txt */,
			);
			name = ZERO_CHECK;
			sourceTree = "<group>";
		};
		539F41F931214141BDC5D102 /* CMake Rules */ = {
			isa = PBXGroup;
			children = (
			);
			name = "CMake Rules";
			sourceTree = "<group>";
		};
		66FA1EAF057042688B22C40C = {
			isa = PBXGroup;
			children = (
				CFF4A0FE1D5B308B0074EC34 /* libguidoar */,
				CBB3D9FDDA834ED9942276B8 /* Sources */,
				A50147C7B0D74D819B28DE8A /* Resources */,
				BE786FD4A490436EA0BA3990 /* Products */,
			);
			sourceTree = "<group>";
		};
		9AA510A984F04639A5FB35FE /* ALL_BUILD */ = {
			isa = PBXGroup;
			children = (
				9D94AA255DD54C3B9624779D /* CMake Rules */,
				EBECF870197D4843A897370C /* CMakeLists.txt */,
			);
			name = ALL_BUILD;
			sourceTree = "<group>";
		};
		9D94AA255DD54C3B9624779D /* CMake Rules */ = {
			isa = PBXGroup;
			children = (
			);
			name = "CMake Rules";
			sourceTree = "<group>";
		};
		A50147C7B0D74D819B28DE8A /* Resources */ = {
			isa = PBXGroup;
			children = (
			);
			name = Resources;
			sourceTree = "<group>";
		};
		ACCB76349FEE439A96B75896 /* guidoar */ = {
			isa = PBXGroup;
			children = (
				EFDAF0E7813047E8B3817C38 /* Source Files */,
				D7EF57C1D17643D1BF26FBD5 /* Header Files */,
				7237356A80E14281A81D3AB5 /* CMakeLists.txt */,
			);
			name = guidoar;
			sourceTree = "<group>";
		};
		BE786FD4A490436EA0BA3990 /* Products */ = {
			isa = PBXGroup;
			children = (
				68F5CC0121EE428E838B0166 /* libguidoar.a */,
			);
			name = Products;
			sourceTree = "<group>";
		};
		CBB3D9FDDA834ED9942276B8 /* Sources */ = {
			isa = PBXGroup;
			children = (
				ACCB76349FEE439A96B75896 /* guidoar */,
				9AA510A984F04639A5FB35FE /* ALL_BUILD */,
				4052C1199BBA4003B9F24A95 /* ZERO_CHECK */,
			);
			name = Sources;
			sourceTree = "<group>";
		};
		CFF4A0FE1D5B308B0074EC34 /* libguidoar */ = {
			isa = PBXGroup;
			children = (
				CFF4A0FF1D5B308B0074EC34 /* libguidoar.h */,
				CFF4A1001D5B308B0074EC34 /* libguidoar.mm */,
			);
			path = libguidoar;
			sourceTree = "<group>";
		};
		D7EF57C1D17643D1BF26FBD5 /* Header Files */ = {
			isa = PBXGroup;
			children = (
				063633256E0545ED85EBF53C /* ARChord.h */,
				D92050B835B64517A63E30A4 /* ARFactory.h */,
				8DAC759715DA4B02AC86E4A9 /* ARNote.h */,
				4185887634E14A6AADE3BC29 /* AROthers.h */,
				9537BB37A4F54F439D515405 /* ARTag.h */,
				9DBC4B7E48CA41F59718A89E /* ARTypes.h */,
				C36CAF57C3A14998AE6BB80E /* guidoelement.h */,
				3268B1FBEE2449B28E2EA01C /* guidotags.h */,
				B284C12FF02845829C1F37A1 /* export.h */,
				7D038CA09E79470B8FB0CF1E /* guidorational.h */,
				CD3DD320EE544C73A6419420 /* libguidoar.h */,
				784CF30F1CFD4B23AF1D344E /* browser.h */,
				923CA8C0F1EA4BCF8C9E7A50 /* ctree.h */,
				EEBF9371EE5D4282A7D6CDF3 /* functor.h */,
				F50064921BE141A09753A8E3 /* ringvector.h */,
				1F5EB5C4042743CE82547ECC /* singleton.h */,
				9AC381BF2E8A4923A0BE5015 /* smartpointer.h */,
				3F1CA99EAE854368970BB9CA /* streambeautifuller.h */,
				A4C6CF578FA94B398827D796 /* tree_browser.h */,
				335E0CBB2B2B4313A02DC2AE /* midiconverter.h */,
				AD2B5DAC808C45D09A16274D /* bottomOperation.h */,
				9D927D6B4EDD4D3A9461D8FC /* durationOperation.h */,
				50E5CF32F6A64FB69E505BA6 /* eheadOperation.h */,
				BCFE8FA27ED4473FB7CE51B9 /* etailOperation.h */,
				30BF70DDDCB04C04852F827B /* headOperation.h */,
				96E346DC2C0843ECBF62876B /* interleaveOperation.h */,
				8BC5186BE4214D9C84128F4D /* markers.h */,
				27C4B5E9EB8C42279825ACF7 /* mirrorOperation.h */,
				3BCBD8E616244E76AFDA85F0 /* normalizeOperation.h */,
				635792B747E942D2A1807FB9 /* operation.h */,
				0462612D0147493882280C61 /* parOperation.h */,
				214FF1C06BC94B1FB3D611BF /* pitchApplyOperation.h */,
				BC28AF28960742E6BA6E2BB4 /* rythmApplyOperation.h */,
				7A09BFE9E6D84EB48A44C02B /* seqOperation.h */,
				70CCBBE43CB24CD0A998248F /* tailOperation.h */,
				899953E4044B4B50A6A97C9B /* topOperation.h */,
				B87ACAADC0DA4CD19CEE76FB /* transposeOperation.h */,
				DF4742291C6745509BA9CE37 /* gmnreader.h */,
				A00EF08854504CFBABFC7046 /* guidoparser.h */,
				F309A92FDA3E4A90B536A107 /* basevisitor.h */,
				12B5CAE43D8F48AF8ACE2399 /* clonevisitor.h */,
				E3E21AE68651408A9BC6FF91 /* counteventsvisitor.h */,
				F394B43529AC4B86A96B4D14 /* countvisitor.h */,
				4876820DECF94BB0A3397DA9 /* durationvisitor.h */,
				CEF5E7247AB54460932D8947 /* event2timevisitor.h */,
				D9B00D7B65FC40B6969C93AF /* firstpitchvisitor.h */,
				4337920ED5234869A9CEF4DB /* gmnvisitor.h */,
				CD42D54D9FE34862A8ACEE28 /* midicontextvisitor.h */,
				C14218FD60A04929A07BBC89 /* pitchvisitor.h */,
				EA358FFD64204797B908B636 /* rythmvisitor.h */,
				428CA478E558447493E5E894 /* unrolled_guido_browser.h */,
				4F65F48E74A64D09B7A68456 /* visitable.h */,
				3E0B9C0083D94DFEA1F46619 /* visitor.h */,
			);
			name = "Header Files";
			sourceTree = "<group>";
		};
		EFDAF0E7813047E8B3817C38 /* Source Files */ = {
			isa = PBXGroup;
			children = (
				76036877F44A4B05825A28E7 /* ARChord.cpp */,
				A0487E1E3F114D34B67F444D /* ARFactory.cpp */,
				B3E280E735844CDAB0A16090 /* ARNote.cpp */,
				3CF66BE329E2449EA935B8A3 /* AROthers.cpp */,
				C089BA230005425DADDC2F40 /* ARTag.cpp */,
				CBBAA37A73AC4D34928C21CB /* guidoelement.cpp */,
				B84D9A22D2354001A8760A5E /* libguidoar.cpp */,
				6641F4BF331A4BBABA18BAE2 /* rational.cpp */,
				BB0A24D34E42439DB6713B2F /* streambeautifuller.cpp */,
				0B0B598E930A437896791C4E /* midiconverter.cpp */,
				D6970C03849C4E458DDC68AE /* bottomOperation.cpp */,
				2CE96EF87FAA444CBB3646EE /* durationOperation.cpp */,
				E5B9AB55AF3B4B1FBB274D8B /* eheadOperation.cpp */,
				F49FD20DCC7F4C4BAFB1D0E6 /* etailOperation.cpp */,
				CCBBC2273D2F47F08D24C3CB /* headOperation.cpp */,
				5983990091AF464A9C1CF436 /* interleaveOperation.cpp */,
				A506E2F3CD2D43FABE7BB683 /* markers.cpp */,
				3FFE9CCDF17E4E7B9824C2E8 /* mirrorOperation.cpp */,
				C66CDF378A2245B8BB5E0B74 /* normalizeOperation.cpp */,
				6BC6BB21AC144A6E87165976 /* parOperation.cpp */,
				F8D073A628E84B1296DEAAB1 /* pitchApplyOperation.cpp */,
				0FA7A1545B3A47C48C9916C6 /* rythmApplyOperation.cpp */,
				7086E417D7204F60A6BDB4A5 /* seqOperation.cpp */,
				17C90D5706BF442A8871001E /* tailOperation.cpp */,
				DCB0B60B340244BB8DAD6259 /* topOperation.cpp */,
				7F842AE450294F9FBD3A9FFB /* transposeOperation.cpp */,
				CEFA24AF3D6A439D9EA56115 /* guidoparser.cpp */,
				EA462BF8A6CE4C2799728CD9 /* parser.cpp */,
				F4C46DA9537646C1BCFF7EA0 /* clonevisitor.cpp */,
				6599B4ED1D3C4E96AAEBFB30 /* counteventsvisitor.cpp */,
				71430F6F55494B11819BEA25 /* durationvisitor.cpp */,
				11BFBE6E205B4B54BAD06C4C /* event2timevisitor.cpp */,
				E6DA4907FFEA41C1B8B90F74 /* firstpitchvisitor.cpp */,
				47542D60ED0A486EA0A7858B /* gmnvisitor.cpp */,
				5B24AD33FDE14B6DBD079F89 /* midicontextvisitor.cpp */,
				A3F77C99F37846FDB5448D1B /* pitchvisitor.cpp */,
				D738EE20394541B2AB959515 /* rythmvisitor.cpp */,
				4AF440CA8FA94675B56FD929 /* unrolled_guido_browser.cpp */,
			);
			name = "Source Files";
			sourceTree = "<group>";
		};
/* End PBXGroup section */

/* Begin PBXNativeTarget section */
		C5FE21D752E14A71B7A8551D /* guidoar */ = {
			isa = PBXNativeTarget;
			buildConfigurationList = 5878D433286649789AEF2526 /* Build configuration list for PBXNativeTarget "guidoar" */;
			buildPhases = (
				0464BC1A7EFE48239AE4C4E0 /* Sources */,
			);
			buildRules = (
			);
			dependencies = (
				C9848A922F2D4B3189F2A5ED /* PBXTargetDependency */,
			);
			name = guidoar;
			productName = guidoar;
			productReference = 68F5CC0121EE428E838B0166 /* libguidoar.a */;
			productType = "com.apple.product-type.library.static";
		};
/* End PBXNativeTarget section */

/* Begin PBXProject section */
		EA4EA5A8CB9F47FF88E28417 /* Project object */ = {
			isa = PBXProject;
			attributes = {
				BuildIndependentTargetsInParallel = YES;
				LastUpgradeCheck = 0730;
				TargetAttributes = {
					CFF4A1021D5B30DC0074EC34 = {
						CreatedOnToolsVersion = 7.3.1;
					};
				};
			};
			buildConfigurationList = 3DC635315CE1480C875AAA5A /* Build configuration list for PBXProject "guidoar" */;
			compatibilityVersion = "Xcode 3.2";
			developmentRegion = English;
			hasScannedForEncodings = 0;
			knownRegions = (
				en,
			);
			mainGroup = 66FA1EAF057042688B22C40C;
			projectDirPath = "";
			projectRoot = "";
			targets = (
				04FA54932C2342878B1CE3B4 /* ALL_BUILD */,
				EACCF67FC39F4B85B88C95C7 /* ZERO_CHECK */,
				C5FE21D752E14A71B7A8551D /* guidoar */,
				CFF4A1021D5B30DC0074EC34 /* GuidoAR-Universal */,
			);
		};
/* End PBXProject section */

/* Begin PBXShellScriptBuildPhase section */
		23D81511034D40C5BB014363 /* CMake Rules */ = {
			isa = PBXShellScriptBuildPhase;
			buildActionMask = 2147483647;
			files = (
			);
			name = "CMake Rules";
			runOnlyForDeploymentPostprocessing = 0;
			shellPath = /bin/sh;
			shellScript = "make -C /Users/acont/Devs/MyFlextProjects/guidolib-guidoar/XCode -f /Users/acont/Devs/MyFlextProjects/guidolib-guidoar/XCode/CMakeScripts/ZERO_CHECK_cmakeRulesBuildPhase.make$CONFIGURATION all";
			showEnvVarsInLog = 0;
		};
		AC513AD1EA1B47718C6C381E /* CMake Rules */ = {
			isa = PBXShellScriptBuildPhase;
			buildActionMask = 2147483647;
			files = (
			);
			name = "CMake Rules";
			runOnlyForDeploymentPostprocessing = 0;
			shellPath = /bin/sh;
			shellScript = "make -C /Users/acont/Devs/MyFlextProjects/guidolib-guidoar/XCode -f /Users/acont/Devs/MyFlextProjects/guidolib-guidoar/XCode/CMakeScripts/ALL_BUILD_cmakeRulesBuildPhase.make$CONFIGURATION all";
			showEnvVarsInLog = 0;
		};
		CFF4A1061D5B30E80074EC34 /* ShellScript */ = {
			isa = PBXShellScriptBuildPhase;
			buildActionMask = 2147483647;
			files = (
			);
			inputPaths = (
			);
			outputPaths = (
			);
			runOnlyForDeploymentPostprocessing = 0;
			shellPath = /bin/sh;
			shellScript = "# 1\n# Set bash script to exit immediately if any commands fail.\nset -e\n\necho \"Build Dir\", ${BUILD_DIR}\n\ncd ${BUILD_DIR}\ncd ..\nOUT_LIB_NAME=\"libGuidoARlib-iOS\"\nLIB_NAME=\"libguidoar\"\n\n\n# define output folder environment variable\n#UNIVERSAL_OUTPUTFOLDER=${BUILD_DIR}/${CONFIGURATION}-universal\nUNIVERSAL_OUTPUTFOLDER=${BUILD_DIR}/guidoarlib\n\n# make sure the output directory exists\nmkdir -p \"${UNIVERSAL_OUTPUTFOLDER}\"\nmkdir -p \"${UNIVERSAL_OUTPUTFOLDER}/${CONFIGURATION}\"\n\n# Step 1. Build Device and Simulator versions\nxcodebuild -target guidoar ONLY_ACTIVE_ARCH=NO -configuration ${CONFIGURATION} -sdk iphoneos  BUILD_DIR=\"${BUILD_DIR}\" BUILD_ROOT=\"${BUILD_ROOT}\"\nxcodebuild -target guidoar -configuration ${CONFIGURATION} -sdk iphonesimulator -arch i386 -arch x86_64 BUILD_DIR=\"${BUILD_DIR}\" BUILD_ROOT=\"${BUILD_ROOT}\"\n\n\n# Step 2. Create universal binary file using lipo\nlipo -create -output \"${UNIVERSAL_OUTPUTFOLDER}/${CONFIGURATION}/${OUT_LIB_NAME}.a\" \"${BUILD_DIR}/${CONFIGURATION}-iphoneos/${LIB_NAME}.a\" \"${BUILD_DIR}/${CONFIGURATION}-iphonesimulator/${LIB_NAME}.a\"\n\n# Last touch. copy the header files. Just for convenience\ncp \"${BUILD_DIR}/../libguidoar/libguidoar.h\" \"${UNIVERSAL_OUTPUTFOLDER}/\"";
		};
/* End PBXShellScriptBuildPhase section */

/* Begin PBXSourcesBuildPhase section */
		0464BC1A7EFE48239AE4C4E0 /* Sources */ = {
			isa = PBXSourcesBuildPhase;
			buildActionMask = 2147483647;
			files = (
				CFF4A1011D5B309C0074EC34 /* libguidoar.mm in Sources */,
				9F0D15588E7047A98232B9C4 /* ARChord.cpp in Sources */,
				F6FE956F3D7C48838B22F7F0 /* ARFactory.cpp in Sources */,
				B0C7FD2162074EAC9FFF62A2 /* ARNote.cpp in Sources */,
				871F3F9046C84567B25AC5DF /* AROthers.cpp in Sources */,
				5C4B1D0AE6254BF9A1CD4443 /* ARTag.cpp in Sources */,
				89D46D69CD33461C8D6A8BAD /* guidoelement.cpp in Sources */,
				EBF2AEAF546048C9B90C3672 /* libguidoar.cpp in Sources */,
				6DF3085566A4432DA677C4E4 /* rational.cpp in Sources */,
				A9C7CF7876CC4A8C8EAF1EB4 /* streambeautifuller.cpp in Sources */,
				EE29EBB96C6D46A78D762584 /* midiconverter.cpp in Sources */,
				7E757DC9D2EF478DBAC343F4 /* bottomOperation.cpp in Sources */,
				C4F9D4499A0D4E53AEA6F8E2 /* durationOperation.cpp in Sources */,
				2B9047A7F9734FC883457DE4 /* eheadOperation.cpp in Sources */,
				A6C6ACF8E0184F328100587C /* etailOperation.cpp in Sources */,
				A387199B882040C1865C846E /* headOperation.cpp in Sources */,
				83B20EA43A344D859E18195A /* interleaveOperation.cpp in Sources */,
				51C32956DAF9463390574965 /* markers.cpp in Sources */,
				1B515E55B480449485BE0737 /* mirrorOperation.cpp in Sources */,
				0F1DC749E90043D88B5FE577 /* normalizeOperation.cpp in Sources */,
				8E53CB04701E4D8B97707557 /* parOperation.cpp in Sources */,
				2214138F69774D8B87F06CF3 /* pitchApplyOperation.cpp in Sources */,
				367E41A3C46E4F4DBBCCCF9A /* rythmApplyOperation.cpp in Sources */,
				7DA0A17B8138409D97B38644 /* seqOperation.cpp in Sources */,
				81CCFADECC0248D7BE37DDD5 /* tailOperation.cpp in Sources */,
				CCCC87D55E56463E97AE6B08 /* topOperation.cpp in Sources */,
				872FDB8A856E4326A1980284 /* transposeOperation.cpp in Sources */,
				415856FA58084DE4BCF566E3 /* guidoparser.cpp in Sources */,
				3343B326B4744FEFA0939296 /* parser.cpp in Sources */,
				18196E63581843518468F618 /* clonevisitor.cpp in Sources */,
				1E2BB8ADC42E4044A9C6313E /* counteventsvisitor.cpp in Sources */,
				0C244DFF87D1413A88183F32 /* durationvisitor.cpp in Sources */,
				BC0C086782D244CFAB1D94F9 /* event2timevisitor.cpp in Sources */,
				74D6DDC3A2EA44E48BE2DC24 /* firstpitchvisitor.cpp in Sources */,
				5BEDAB8BB6724B3A959A752B /* gmnvisitor.cpp in Sources */,
				1B0ECF16E06140EA877C422E /* midicontextvisitor.cpp in Sources */,
				37EA1BCAA6CE4FDD8459A0A8 /* pitchvisitor.cpp in Sources */,
				2C2E6564F07C4317AC0D7DB5 /* rythmvisitor.cpp in Sources */,
				C04714BC4EA64EB4B21D19E5 /* unrolled_guido_browser.cpp in Sources */,
			);
			runOnlyForDeploymentPostprocessing = 0;
		};
/* End PBXSourcesBuildPhase section */

/* Begin PBXTargetDependency section */
		2FF70B7E01E742CFBF18882C /* PBXTargetDependency */ = {
			isa = PBXTargetDependency;
			target = EACCF67FC39F4B85B88C95C7 /* ZERO_CHECK */;
			targetProxy = 914DCEDB31F04462890CD662 /* PBXContainerItemProxy */;
		};
		C9848A922F2D4B3189F2A5ED /* PBXTargetDependency */ = {
			isa = PBXTargetDependency;
			target = EACCF67FC39F4B85B88C95C7 /* ZERO_CHECK */;
			targetProxy = 72E15C26FE1C4396B93468FF /* PBXContainerItemProxy */;
		};
		F868D04E99A640B3A28F959A /* PBXTargetDependency */ = {
			isa = PBXTargetDependency;
			target = C5FE21D752E14A71B7A8551D /* guidoar */;
			targetProxy = 340CF6D311E44F27A4A335B3 /* PBXContainerItemProxy */;
		};
/* End PBXTargetDependency section */

/* Begin XCBuildConfiguration section */
		07C93B7AC6A545268DCB0CC3 /* Release */ = {
			isa = XCBuildConfiguration;
			buildSettings = {
				ARCHS = (
					arm64,
					armv7,
					armv7s,
				);
				COMBINE_HIDPI_IMAGES = YES;
				EXECUTABLE_PREFIX = lib;
				EXECUTABLE_SUFFIX = .a;
				GCC_GENERATE_DEBUGGING_SYMBOLS = NO;
				GCC_INLINES_ARE_PRIVATE_EXTERN = NO;
				GCC_OPTIMIZATION_LEVEL = 3;
				GCC_PREPROCESSOR_DEFINITIONS = (
					"'CMAKE_INTDIR=\"$(CONFIGURATION)$(EFFECTIVE_PLATFORM_NAME)\"'",
					GCC,
					APPLE,
				);
				GCC_SYMBOLS_PRIVATE_EXTERN = NO;
				HEADER_SEARCH_PATHS = (
					"/Users/acont/Devs/MyFlextProjects/guidolib-guidoar/XCode/../src/interface",
					"/Users/acont/Devs/MyFlextProjects/guidolib-guidoar/XCode/../src/guido",
					"/Users/acont/Devs/MyFlextProjects/guidolib-guidoar/XCode/../src/guido/abstract",
					"/Users/acont/Devs/MyFlextProjects/guidolib-guidoar/XCode/../src/lib",
					"/Users/acont/Devs/MyFlextProjects/guidolib-guidoar/XCode/../src/operations",
					"/Users/acont/Devs/MyFlextProjects/guidolib-guidoar/XCode/../src/visitors",
					"/Users/acont/Devs/MyFlextProjects/guidolib-guidoar/XCode/../src/midi",
					"/Users/acont/Devs/MyFlextProjects/guidolib-guidoar/XCode/../src/parser",
					"/Users/acont/Devs/MyFlextProjects/guidolib-guidoar/XCode/../src/midisharelight",
				);
				INSTALL_PATH = "";
				LIBRARY_STYLE = STATIC;
				ONLY_ACTIVE_ARCH = NO;
				OTHER_CPLUSPLUSFLAGS = (
					"-DGUIDOAR_EXPORTS",
					"-stdlib=libc++",
					"-DNDEBUG",
					"-Wall",
				);
				OTHER_LDFLAGS = "-ObjC";
				OTHER_LIBTOOLFLAGS = " ";
				OTHER_REZFLAGS = "";
				PRODUCT_NAME = guidoar;
				SECTORDER_FLAGS = "";
				SYMROOT = "/Users/acont/Devs/MyFlextProjects/guidolib-guidoar/XCode/build";
				USE_HEADERMAP = NO;
				WARNING_CFLAGS = (
					"-Wmost",
					"-Wno-four-char-constants",
					"-Wno-unknown-pragmas",
					"$(inherited)",
				);
			};
			name = Release;
		};
		1BBA36C33AD945BEB468EBF8 /* Debug */ = {
			isa = XCBuildConfiguration;
			buildSettings = {
				ARCHS = (
					arm64,
					armv7,
					armv7s,
				);
				COMBINE_HIDPI_IMAGES = YES;
				EXECUTABLE_PREFIX = lib;
				EXECUTABLE_SUFFIX = .a;
				GCC_GENERATE_DEBUGGING_SYMBOLS = YES;
				GCC_INLINES_ARE_PRIVATE_EXTERN = NO;
				GCC_OPTIMIZATION_LEVEL = 0;
				GCC_PREPROCESSOR_DEFINITIONS = (
					"'CMAKE_INTDIR=\"$(CONFIGURATION)$(EFFECTIVE_PLATFORM_NAME)\"'",
					GCC,
					APPLE,
				);
				GCC_SYMBOLS_PRIVATE_EXTERN = NO;
				HEADER_SEARCH_PATHS = (
					"/Users/acont/Devs/MyFlextProjects/guidolib-guidoar/XCode/../src/interface",
					"/Users/acont/Devs/MyFlextProjects/guidolib-guidoar/XCode/../src/guido",
					"/Users/acont/Devs/MyFlextProjects/guidolib-guidoar/XCode/../src/guido/abstract",
					"/Users/acont/Devs/MyFlextProjects/guidolib-guidoar/XCode/../src/lib",
					"/Users/acont/Devs/MyFlextProjects/guidolib-guidoar/XCode/../src/operations",
					"/Users/acont/Devs/MyFlextProjects/guidolib-guidoar/XCode/../src/visitors",
					"/Users/acont/Devs/MyFlextProjects/guidolib-guidoar/XCode/../src/midi",
					"/Users/acont/Devs/MyFlextProjects/guidolib-guidoar/XCode/../src/parser",
					"/Users/acont/Devs/MyFlextProjects/guidolib-guidoar/XCode/../src/midisharelight",
				);
				INSTALL_PATH = "";
				LIBRARY_STYLE = STATIC;
				ONLY_ACTIVE_ARCH = NO;
				OTHER_CPLUSPLUSFLAGS = (
					"-DGUIDOAR_EXPORTS",
					"-stdlib=libc++",
					"-Wall",
				);
				OTHER_LDFLAGS = "-ObjC";
				OTHER_LIBTOOLFLAGS = " ";
				OTHER_REZFLAGS = "";
				PRODUCT_NAME = guidoar;
				SECTORDER_FLAGS = "";
				SYMROOT = "/Users/acont/Devs/MyFlextProjects/guidolib-guidoar/XCode/build";
				USE_HEADERMAP = NO;
				WARNING_CFLAGS = (
					"-Wmost",
					"-Wno-four-char-constants",
					"-Wno-unknown-pragmas",
					"$(inherited)",
				);
			};
			name = Debug;
		};
		40B16CCA27294FE391A541FC /* Debug */ = {
			isa = XCBuildConfiguration;
			buildSettings = {
				COMBINE_HIDPI_IMAGES = YES;
				GCC_GENERATE_DEBUGGING_SYMBOLS = YES;
				GCC_INLINES_ARE_PRIVATE_EXTERN = NO;
				GCC_OPTIMIZATION_LEVEL = 0;
				GCC_PREPROCESSOR_DEFINITIONS = "'CMAKE_INTDIR=\"$(CONFIGURATION)$(EFFECTIVE_PLATFORM_NAME)\"'";
				GCC_SYMBOLS_PRIVATE_EXTERN = NO;
				HEADER_SEARCH_PATHS = (
					"/Users/acont/Devs/MyFlextProjects/guidolib-guidoar/XCode/../src/interface",
					"/Users/acont/Devs/MyFlextProjects/guidolib-guidoar/XCode/../src/guido",
					"/Users/acont/Devs/MyFlextProjects/guidolib-guidoar/XCode/../src/guido/abstract",
					"/Users/acont/Devs/MyFlextProjects/guidolib-guidoar/XCode/../src/lib",
					"/Users/acont/Devs/MyFlextProjects/guidolib-guidoar/XCode/../src/operations",
					"/Users/acont/Devs/MyFlextProjects/guidolib-guidoar/XCode/../src/visitors",
					"/Users/acont/Devs/MyFlextProjects/guidolib-guidoar/XCode/../src/midi",
					"/Users/acont/Devs/MyFlextProjects/guidolib-guidoar/XCode/../src/parser",
					"/Users/acont/Devs/MyFlextProjects/guidolib-guidoar/XCode/../src/midisharelight",
				);
				INSTALL_PATH = "";
				OTHER_LDFLAGS = " ";
				OTHER_REZFLAGS = "";
				PRODUCT_NAME = ALL_BUILD;
				SECTORDER_FLAGS = "";
				SYMROOT = "/Users/acont/Devs/MyFlextProjects/guidolib-guidoar/XCode/build";
				USE_HEADERMAP = NO;
				WARNING_CFLAGS = (
					"-Wmost",
					"-Wno-four-char-constants",
					"-Wno-unknown-pragmas",
					"$(inherited)",
				);
			};
			name = Debug;
		};
		4361524384EA4D3CA4991529 /* Release */ = {
			isa = XCBuildConfiguration;
			buildSettings = {
				ARCHS = (
					arm64,
					armv7,
					armv7s,
				);
				SDKROOT = iphoneos;
				SYMROOT = "/Users/acont/Devs/MyFlextProjects/guidolib-guidoar/XCode/build";
			};
			name = Release;
		};
		557368D60DFF43BD9DF5DFB1 /* Debug */ = {
			isa = XCBuildConfiguration;
			buildSettings = {
				ARCHS = (
					arm64,
					armv7,
					armv7s,
				);
				SDKROOT = iphoneos;
				SYMROOT = "/Users/acont/Devs/MyFlextProjects/guidolib-guidoar/XCode/build";
			};
			name = Debug;
		};
		820D9973E73743608D4B9E92 /* Debug */ = {
			isa = XCBuildConfiguration;
			buildSettings = {
				COMBINE_HIDPI_IMAGES = YES;
				GCC_GENERATE_DEBUGGING_SYMBOLS = YES;
				GCC_INLINES_ARE_PRIVATE_EXTERN = NO;
				GCC_OPTIMIZATION_LEVEL = 0;
				GCC_PREPROCESSOR_DEFINITIONS = "'CMAKE_INTDIR=\"$(CONFIGURATION)$(EFFECTIVE_PLATFORM_NAME)\"'";
				GCC_SYMBOLS_PRIVATE_EXTERN = NO;
				HEADER_SEARCH_PATHS = (
					"/Users/acont/Devs/MyFlextProjects/guidolib-guidoar/XCode/../src/interface",
					"/Users/acont/Devs/MyFlextProjects/guidolib-guidoar/XCode/../src/guido",
					"/Users/acont/Devs/MyFlextProjects/guidolib-guidoar/XCode/../src/guido/abstract",
					"/Users/acont/Devs/MyFlextProjects/guidolib-guidoar/XCode/../src/lib",
					"/Users/acont/Devs/MyFlextProjects/guidolib-guidoar/XCode/../src/operations",
					"/Users/acont/Devs/MyFlextProjects/guidolib-guidoar/XCode/../src/visitors",
					"/Users/acont/Devs/MyFlextProjects/guidolib-guidoar/XCode/../src/midi",
					"/Users/acont/Devs/MyFlextProjects/guidolib-guidoar/XCode/../src/parser",
					"/Users/acont/Devs/MyFlextProjects/guidolib-guidoar/XCode/../src/midisharelight",
				);
				INSTALL_PATH = "";
				OTHER_LDFLAGS = " ";
				OTHER_REZFLAGS = "";
				PRODUCT_NAME = ZERO_CHECK;
				SECTORDER_FLAGS = "";
				SYMROOT = "/Users/acont/Devs/MyFlextProjects/guidolib-guidoar/XCode/build";
				USE_HEADERMAP = NO;
				WARNING_CFLAGS = (
					"-Wmost",
					"-Wno-four-char-constants",
					"-Wno-unknown-pragmas",
					"$(inherited)",
				);
			};
			name = Debug;
		};
		C7788F5EA6354DA5B8E16D4B /* Release */ = {
			isa = XCBuildConfiguration;
			buildSettings = {
				COMBINE_HIDPI_IMAGES = YES;
				GCC_GENERATE_DEBUGGING_SYMBOLS = YES;
				GCC_INLINES_ARE_PRIVATE_EXTERN = NO;
				GCC_OPTIMIZATION_LEVEL = 0;
				GCC_PREPROCESSOR_DEFINITIONS = "'CMAKE_INTDIR=\"$(CONFIGURATION)$(EFFECTIVE_PLATFORM_NAME)\"'";
				GCC_SYMBOLS_PRIVATE_EXTERN = NO;
				HEADER_SEARCH_PATHS = (
					"/Users/acont/Devs/MyFlextProjects/guidolib-guidoar/XCode/../src/interface",
					"/Users/acont/Devs/MyFlextProjects/guidolib-guidoar/XCode/../src/guido",
					"/Users/acont/Devs/MyFlextProjects/guidolib-guidoar/XCode/../src/guido/abstract",
					"/Users/acont/Devs/MyFlextProjects/guidolib-guidoar/XCode/../src/lib",
					"/Users/acont/Devs/MyFlextProjects/guidolib-guidoar/XCode/../src/operations",
					"/Users/acont/Devs/MyFlextProjects/guidolib-guidoar/XCode/../src/visitors",
					"/Users/acont/Devs/MyFlextProjects/guidolib-guidoar/XCode/../src/midi",
					"/Users/acont/Devs/MyFlextProjects/guidolib-guidoar/XCode/../src/parser",
					"/Users/acont/Devs/MyFlextProjects/guidolib-guidoar/XCode/../src/midisharelight",
				);
				INSTALL_PATH = "";
				OTHER_LDFLAGS = " ";
				OTHER_REZFLAGS = "";
				PRODUCT_NAME = ALL_BUILD;
				SECTORDER_FLAGS = "";
				SYMROOT = "/Users/acont/Devs/MyFlextProjects/guidolib-guidoar/XCode/build";
				USE_HEADERMAP = NO;
				WARNING_CFLAGS = (
					"-Wmost",
					"-Wno-four-char-constants",
					"-Wno-unknown-pragmas",
					"$(inherited)",
				);
			};
			name = Release;
		};
		CFF4A1041D5B30DC0074EC34 /* Debug */ = {
			isa = XCBuildConfiguration;
			buildSettings = {
				PRODUCT_NAME = "$(TARGET_NAME)";
			};
			name = Debug;
		};
		CFF4A1051D5B30DC0074EC34 /* Release */ = {
			isa = XCBuildConfiguration;
			buildSettings = {
				PRODUCT_NAME = "$(TARGET_NAME)";
			};
			name = Release;
		};
		F25B8D705B0B42B88E5B6432 /* Release */ = {
			isa = XCBuildConfiguration;
			buildSettings = {
				COMBINE_HIDPI_IMAGES = YES;
				GCC_GENERATE_DEBUGGING_SYMBOLS = YES;
				GCC_INLINES_ARE_PRIVATE_EXTERN = NO;
				GCC_OPTIMIZATION_LEVEL = 0;
				GCC_PREPROCESSOR_DEFINITIONS = "'CMAKE_INTDIR=\"$(CONFIGURATION)$(EFFECTIVE_PLATFORM_NAME)\"'";
				GCC_SYMBOLS_PRIVATE_EXTERN = NO;
				HEADER_SEARCH_PATHS = (
					"/Users/acont/Devs/MyFlextProjects/guidolib-guidoar/XCode/../src/interface",
					"/Users/acont/Devs/MyFlextProjects/guidolib-guidoar/XCode/../src/guido",
					"/Users/acont/Devs/MyFlextProjects/guidolib-guidoar/XCode/../src/guido/abstract",
					"/Users/acont/Devs/MyFlextProjects/guidolib-guidoar/XCode/../src/lib",
					"/Users/acont/Devs/MyFlextProjects/guidolib-guidoar/XCode/../src/operations",
					"/Users/acont/Devs/MyFlextProjects/guidolib-guidoar/XCode/../src/visitors",
					"/Users/acont/Devs/MyFlextProjects/guidolib-guidoar/XCode/../src/midi",
					"/Users/acont/Devs/MyFlextProjects/guidolib-guidoar/XCode/../src/parser",
					"/Users/acont/Devs/MyFlextProjects/guidolib-guidoar/XCode/../src/midisharelight",
				);
				INSTALL_PATH = "";
				OTHER_LDFLAGS = " ";
				OTHER_REZFLAGS = "";
				PRODUCT_NAME = ZERO_CHECK;
				SECTORDER_FLAGS = "";
				SYMROOT = "/Users/acont/Devs/MyFlextProjects/guidolib-guidoar/XCode/build";
				USE_HEADERMAP = NO;
				WARNING_CFLAGS = (
					"-Wmost",
					"-Wno-four-char-constants",
					"-Wno-unknown-pragmas",
					"$(inherited)",
				);
			};
			name = Release;
		};
/* End XCBuildConfiguration section */

/* Begin XCConfigurationList section */
		3DC635315CE1480C875AAA5A /* Build configuration list for PBXProject "guidoar" */ = {
			isa = XCConfigurationList;
			buildConfigurations = (
				557368D60DFF43BD9DF5DFB1 /* Debug */,
				4361524384EA4D3CA4991529 /* Release */,
			);
			defaultConfigurationIsVisible = 0;
			defaultConfigurationName = Debug;
		};
		4FCC2D9872E84AA999BB5578 /* Build configuration list for PBXAggregateTarget "ZERO_CHECK" */ = {
			isa = XCConfigurationList;
			buildConfigurations = (
				820D9973E73743608D4B9E92 /* Debug */,
				F25B8D705B0B42B88E5B6432 /* Release */,
			);
			defaultConfigurationIsVisible = 0;
			defaultConfigurationName = Debug;
		};
		5878D433286649789AEF2526 /* Build configuration list for PBXNativeTarget "guidoar" */ = {
			isa = XCConfigurationList;
			buildConfigurations = (
				1BBA36C33AD945BEB468EBF8 /* Debug */,
				07C93B7AC6A545268DCB0CC3 /* Release */,
			);
			defaultConfigurationIsVisible = 0;
			defaultConfigurationName = Debug;
		};
		99AE2A72EC9F4D32BBE552A1 /* Build configuration list for PBXAggregateTarget "ALL_BUILD" */ = {
			isa = XCConfigurationList;
			buildConfigurations = (
				40B16CCA27294FE391A541FC /* Debug */,
				C7788F5EA6354DA5B8E16D4B /* Release */,
			);
			defaultConfigurationIsVisible = 0;
			defaultConfigurationName = Debug;
		};
		CFF4A1031D5B30DC0074EC34 /* Build configuration list for PBXAggregateTarget "GuidoAR-Universal" */ = {
			isa = XCConfigurationList;
			buildConfigurations = (
				CFF4A1041D5B30DC0074EC34 /* Debug */,
				CFF4A1051D5B30DC0074EC34 /* Release */,
			);
			defaultConfigurationIsVisible = 0;
		};
/* End XCConfigurationList section */
	};
	rootObject = EA4EA5A8CB9F47FF88E28417 /* Project object */;
}
